<?xml version="1.0" encoding="UTF-8"?>
<Project ToolsVersion="15.0" xmlns="http://schemas.microsoft.com/developer/msbuild/2003">
  <ItemGroup>
    <ClCompile Include="C:\Users\Christian\Documents\Lund\Project\CG_Labs\assimp\code\code\Assimp.cpp">
      <Filter>Source Files</Filter>
    </ClCompile>
    <ClCompile Include="C:\Users\Christian\Documents\Lund\Project\CG_Labs\assimp\code\code\BaseImporter.cpp">
      <Filter>Common</Filter>
    </ClCompile>
    <ClCompile Include="C:\Users\Christian\Documents\Lund\Project\CG_Labs\assimp\code\code\BaseProcess.cpp">
      <Filter>Common</Filter>
    </ClCompile>
    <ClCompile Include="C:\Users\Christian\Documents\Lund\Project\CG_Labs\assimp\code\code\PostStepRegistry.cpp">
      <Filter>Common</Filter>
    </ClCompile>
    <ClCompile Include="C:\Users\Christian\Documents\Lund\Project\CG_Labs\assimp\code\code\ImporterRegistry.cpp">
      <Filter>Common</Filter>
    </ClCompile>
    <ClCompile Include="C:\Users\Christian\Documents\Lund\Project\CG_Labs\assimp\code\code\DefaultIOStream.cpp">
      <Filter>Common</Filter>
    </ClCompile>
    <ClCompile Include="C:\Users\Christian\Documents\Lund\Project\CG_Labs\assimp\code\code\DefaultIOSystem.cpp">
      <Filter>Common</Filter>
    </ClCompile>
    <ClCompile Include="C:\Users\Christian\Documents\Lund\Project\CG_Labs\assimp\code\code\CInterfaceIOWrapper.cpp">
      <Filter>Common</Filter>
    </ClCompile>
    <ClCompile Include="C:\Users\Christian\Documents\Lund\Project\CG_Labs\assimp\code\code\Importer.cpp">
      <Filter>Common</Filter>
    </ClCompile>
    <ClCompile Include="C:\Users\Christian\Documents\Lund\Project\CG_Labs\assimp\code\code\SGSpatialSort.cpp">
      <Filter>Common</Filter>
    </ClCompile>
    <ClCompile Include="C:\Users\Christian\Documents\Lund\Project\CG_Labs\assimp\code\code\VertexTriangleAdjacency.cpp">
      <Filter>Common</Filter>
    </ClCompile>
    <ClCompile Include="C:\Users\Christian\Documents\Lund\Project\CG_Labs\assimp\code\code\SpatialSort.cpp">
      <Filter>Common</Filter>
    </ClCompile>
    <ClCompile Include="C:\Users\Christian\Documents\Lund\Project\CG_Labs\assimp\code\code\SceneCombiner.cpp">
      <Filter>Common</Filter>
    </ClCompile>
    <ClCompile Include="C:\Users\Christian\Documents\Lund\Project\CG_Labs\assimp\code\code\ScenePreprocessor.cpp">
      <Filter>Common</Filter>
    </ClCompile>
    <ClCompile Include="C:\Users\Christian\Documents\Lund\Project\CG_Labs\assimp\code\code\SkeletonMeshBuilder.cpp">
      <Filter>Common</Filter>
    </ClCompile>
    <ClCompile Include="C:\Users\Christian\Documents\Lund\Project\CG_Labs\assimp\code\code\SplitByBoneCountProcess.cpp">
      <Filter>Common</Filter>
    </ClCompile>
    <ClCompile Include="C:\Users\Christian\Documents\Lund\Project\CG_Labs\assimp\code\code\StandardShapes.cpp">
      <Filter>Common</Filter>
    </ClCompile>
    <ClCompile Include="C:\Users\Christian\Documents\Lund\Project\CG_Labs\assimp\code\code\TargetAnimation.cpp">
      <Filter>Common</Filter>
    </ClCompile>
    <ClCompile Include="C:\Users\Christian\Documents\Lund\Project\CG_Labs\assimp\code\code\RemoveComments.cpp">
      <Filter>Common</Filter>
    </ClCompile>
    <ClCompile Include="C:\Users\Christian\Documents\Lund\Project\CG_Labs\assimp\code\code\Subdivision.cpp">
      <Filter>Common</Filter>
    </ClCompile>
    <ClCompile Include="C:\Users\Christian\Documents\Lund\Project\CG_Labs\assimp\code\code\scene.cpp">
      <Filter>Common</Filter>
    </ClCompile>
    <ClCompile Include="C:\Users\Christian\Documents\Lund\Project\CG_Labs\assimp\code\code\Bitmap.cpp">
      <Filter>Common</Filter>
    </ClCompile>
    <ClCompile Include="C:\Users\Christian\Documents\Lund\Project\CG_Labs\assimp\code\code\Version.cpp">
      <Filter>Common</Filter>
    </ClCompile>
    <ClCompile Include="C:\Users\Christian\Documents\Lund\Project\CG_Labs\assimp\code\code\CreateAnimMesh.cpp">
      <Filter>Common</Filter>
    </ClCompile>
    <ClCompile Include="C:\Users\Christian\Documents\Lund\Project\CG_Labs\assimp\code\code\DefaultLogger.cpp">
      <Filter>Logging</Filter>
    </ClCompile>
    <ClCompile Include="C:\Users\Christian\Documents\Lund\Project\CG_Labs\assimp\code\code\Exporter.cpp">
      <Filter>Exporter</Filter>
    </ClCompile>
    <ClCompile Include="C:\Users\Christian\Documents\Lund\Project\CG_Labs\assimp\code\code\AssimpCExport.cpp">
      <Filter>Exporter</Filter>
    </ClCompile>
    <ClCompile Include="C:\Users\Christian\Documents\Lund\Project\CG_Labs\assimp\code\code\CalcTangentsProcess.cpp">
      <Filter>PostProcessing</Filter>
    </ClCompile>
    <ClCompile Include="C:\Users\Christian\Documents\Lund\Project\CG_Labs\assimp\code\code\ComputeUVMappingProcess.cpp">
      <Filter>PostProcessing</Filter>
    </ClCompile>
    <ClCompile Include="C:\Users\Christian\Documents\Lund\Project\CG_Labs\assimp\code\code\ConvertToLHProcess.cpp">
      <Filter>PostProcessing</Filter>
    </ClCompile>
    <ClCompile Include="C:\Users\Christian\Documents\Lund\Project\CG_Labs\assimp\code\code\FindDegenerates.cpp">
      <Filter>PostProcessing</Filter>
    </ClCompile>
    <ClCompile Include="C:\Users\Christian\Documents\Lund\Project\CG_Labs\assimp\code\code\FindInstancesProcess.cpp">
      <Filter>PostProcessing</Filter>
    </ClCompile>
    <ClCompile Include="C:\Users\Christian\Documents\Lund\Project\CG_Labs\assimp\code\code\FindInvalidDataProcess.cpp">
      <Filter>PostProcessing</Filter>
    </ClCompile>
    <ClCompile Include="C:\Users\Christian\Documents\Lund\Project\CG_Labs\assimp\code\code\FixNormalsStep.cpp">
      <Filter>PostProcessing</Filter>
    </ClCompile>
    <ClCompile Include="C:\Users\Christian\Documents\Lund\Project\CG_Labs\assimp\code\code\GenFaceNormalsProcess.cpp">
      <Filter>PostProcessing</Filter>
    </ClCompile>
    <ClCompile Include="C:\Users\Christian\Documents\Lund\Project\CG_Labs\assimp\code\code\GenVertexNormalsProcess.cpp">
      <Filter>PostProcessing</Filter>
    </ClCompile>
    <ClCompile Include="C:\Users\Christian\Documents\Lund\Project\CG_Labs\assimp\code\code\PretransformVertices.cpp">
      <Filter>PostProcessing</Filter>
    </ClCompile>
    <ClCompile Include="C:\Users\Christian\Documents\Lund\Project\CG_Labs\assimp\code\code\ImproveCacheLocality.cpp">
      <Filter>PostProcessing</Filter>
    </ClCompile>
    <ClCompile Include="C:\Users\Christian\Documents\Lund\Project\CG_Labs\assimp\code\code\JoinVerticesProcess.cpp">
      <Filter>PostProcessing</Filter>
    </ClCompile>
    <ClCompile Include="C:\Users\Christian\Documents\Lund\Project\CG_Labs\assimp\code\code\LimitBoneWeightsProcess.cpp">
      <Filter>PostProcessing</Filter>
    </ClCompile>
    <ClCompile Include="C:\Users\Christian\Documents\Lund\Project\CG_Labs\assimp\code\code\RemoveRedundantMaterials.cpp">
      <Filter>PostProcessing</Filter>
    </ClCompile>
    <ClCompile Include="C:\Users\Christian\Documents\Lund\Project\CG_Labs\assimp\code\code\RemoveVCProcess.cpp">
      <Filter>PostProcessing</Filter>
    </ClCompile>
    <ClCompile Include="C:\Users\Christian\Documents\Lund\Project\CG_Labs\assimp\code\code\SortByPTypeProcess.cpp">
      <Filter>PostProcessing</Filter>
    </ClCompile>
    <ClCompile Include="C:\Users\Christian\Documents\Lund\Project\CG_Labs\assimp\code\code\SplitLargeMeshes.cpp">
      <Filter>PostProcessing</Filter>
    </ClCompile>
    <ClCompile Include="C:\Users\Christian\Documents\Lund\Project\CG_Labs\assimp\code\code\TextureTransform.cpp">
      <Filter>PostProcessing</Filter>
    </ClCompile>
    <ClCompile Include="C:\Users\Christian\Documents\Lund\Project\CG_Labs\assimp\code\code\TriangulateProcess.cpp">
      <Filter>PostProcessing</Filter>
    </ClCompile>
    <ClCompile Include="C:\Users\Christian\Documents\Lund\Project\CG_Labs\assimp\code\code\ValidateDataStructure.cpp">
      <Filter>PostProcessing</Filter>
    </ClCompile>
    <ClCompile Include="C:\Users\Christian\Documents\Lund\Project\CG_Labs\assimp\code\code\OptimizeGraph.cpp">
      <Filter>PostProcessing</Filter>
    </ClCompile>
    <ClCompile Include="C:\Users\Christian\Documents\Lund\Project\CG_Labs\assimp\code\code\OptimizeMeshes.cpp">
      <Filter>PostProcessing</Filter>
    </ClCompile>
    <ClCompile Include="C:\Users\Christian\Documents\Lund\Project\CG_Labs\assimp\code\code\DeboneProcess.cpp">
      <Filter>PostProcessing</Filter>
    </ClCompile>
    <ClCompile Include="C:\Users\Christian\Documents\Lund\Project\CG_Labs\assimp\code\code\ProcessHelper.cpp">
      <Filter>PostProcessing</Filter>
    </ClCompile>
    <ClCompile Include="C:\Users\Christian\Documents\Lund\Project\CG_Labs\assimp\code\code\MakeVerboseFormat.cpp">
      <Filter>PostProcessing</Filter>
    </ClCompile>
    <ClCompile Include="C:\Users\Christian\Documents\Lund\Project\CG_Labs\assimp\code\code\MaterialSystem.cpp">
      <Filter>MaterialSystem</Filter>
    </ClCompile>
    <ClCompile Include="C:\Users\Christian\Documents\Lund\Project\CG_Labs\assimp\code\code\StepExporter.cpp">
      <Filter>Step</Filter>
    </ClCompile>
    <ClCompile Include="C:\Users\Christian\Documents\Lund\Project\CG_Labs\assimp\code\code\AMFImporter.cpp">
      <Filter>AMF</Filter>
    </ClCompile>
    <ClCompile Include="C:\Users\Christian\Documents\Lund\Project\CG_Labs\assimp\code\code\AMFImporter_Geometry.cpp">
      <Filter>AMF</Filter>
    </ClCompile>
    <ClCompile Include="C:\Users\Christian\Documents\Lund\Project\CG_Labs\assimp\code\code\AMFImporter_Material.cpp">
      <Filter>AMF</Filter>
    </ClCompile>
    <ClCompile Include="C:\Users\Christian\Documents\Lund\Project\CG_Labs\assimp\code\code\AMFImporter_Postprocess.cpp">
      <Filter>AMF</Filter>
    </ClCompile>
    <ClCompile Include="C:\Users\Christian\Documents\Lund\Project\CG_Labs\assimp\code\code\3DSConverter.cpp">
      <Filter>3DS</Filter>
    </ClCompile>
    <ClCompile Include="C:\Users\Christian\Documents\Lund\Project\CG_Labs\assimp\code\code\3DSLoader.cpp">
      <Filter>3DS</Filter>
    </ClCompile>
    <ClCompile Include="C:\Users\Christian\Documents\Lund\Project\CG_Labs\assimp\code\code\3DSExporter.cpp">
      <Filter>3DS</Filter>
    </ClCompile>
    <ClCompile Include="C:\Users\Christian\Documents\Lund\Project\CG_Labs\assimp\code\code\ACLoader.cpp">
      <Filter>AC</Filter>
    </ClCompile>
    <ClCompile Include="C:\Users\Christian\Documents\Lund\Project\CG_Labs\assimp\code\code\ASELoader.cpp">
      <Filter>ASE</Filter>
    </ClCompile>
    <ClCompile Include="C:\Users\Christian\Documents\Lund\Project\CG_Labs\assimp\code\code\ASEParser.cpp">
      <Filter>ASE</Filter>
    </ClCompile>
    <ClCompile Include="C:\Users\Christian\Documents\Lund\Project\CG_Labs\assimp\code\code\AssbinExporter.cpp">
      <Filter>ASSBIN</Filter>
    </ClCompile>
    <ClCompile Include="C:\Users\Christian\Documents\Lund\Project\CG_Labs\assimp\code\code\AssbinLoader.cpp">
      <Filter>ASSBIN</Filter>
    </ClCompile>
    <ClCompile Include="C:\Users\Christian\Documents\Lund\Project\CG_Labs\assimp\code\code\AssxmlExporter.cpp">
      <Filter>ASSXML</Filter>
    </ClCompile>
    <ClCompile Include="C:\Users\Christian\Documents\Lund\Project\CG_Labs\assimp\code\code\B3DImporter.cpp">
      <Filter>B3D</Filter>
    </ClCompile>
    <ClCompile Include="C:\Users\Christian\Documents\Lund\Project\CG_Labs\assimp\code\code\BVHLoader.cpp">
      <Filter>BVH</Filter>
    </ClCompile>
    <ClCompile Include="C:\Users\Christian\Documents\Lund\Project\CG_Labs\assimp\code\code\ColladaLoader.cpp">
      <Filter>COLLADA</Filter>
    </ClCompile>
    <ClCompile Include="C:\Users\Christian\Documents\Lund\Project\CG_Labs\assimp\code\code\ColladaParser.cpp">
      <Filter>COLLADA</Filter>
    </ClCompile>
    <ClCompile Include="C:\Users\Christian\Documents\Lund\Project\CG_Labs\assimp\code\code\ColladaExporter.cpp">
      <Filter>COLLADA</Filter>
    </ClCompile>
    <ClCompile Include="C:\Users\Christian\Documents\Lund\Project\CG_Labs\assimp\code\code\DXFLoader.cpp">
      <Filter>DXF</Filter>
    </ClCompile>
    <ClCompile Include="C:\Users\Christian\Documents\Lund\Project\CG_Labs\assimp\code\code\CSMLoader.cpp">
      <Filter>CSM</Filter>
    </ClCompile>
    <ClCompile Include="C:\Users\Christian\Documents\Lund\Project\CG_Labs\assimp\code\code\HMPLoader.cpp">
      <Filter>HMP</Filter>
    </ClCompile>
    <ClCompile Include="C:\Users\Christian\Documents\Lund\Project\CG_Labs\assimp\code\code\IRRMeshLoader.cpp">
      <Filter>IRRMESH</Filter>
    </ClCompile>
    <ClCompile Include="C:\Users\Christian\Documents\Lund\Project\CG_Labs\assimp\code\code\IRRShared.cpp">
      <Filter>IRR</Filter>
    </ClCompile>
    <ClCompile Include="C:\Users\Christian\Documents\Lund\Project\CG_Labs\assimp\code\code\IRRLoader.cpp">
      <Filter>IRR</Filter>
    </ClCompile>
    <ClCompile Include="C:\Users\Christian\Documents\Lund\Project\CG_Labs\assimp\code\code\LWOAnimation.cpp">
      <Filter>LWO</Filter>
    </ClCompile>
    <ClCompile Include="C:\Users\Christian\Documents\Lund\Project\CG_Labs\assimp\code\code\LWOBLoader.cpp">
      <Filter>LWO</Filter>
    </ClCompile>
    <ClCompile Include="C:\Users\Christian\Documents\Lund\Project\CG_Labs\assimp\code\code\LWOLoader.cpp">
      <Filter>LWO</Filter>
    </ClCompile>
    <ClCompile Include="C:\Users\Christian\Documents\Lund\Project\CG_Labs\assimp\code\code\LWOMaterial.cpp">
      <Filter>LWO</Filter>
    </ClCompile>
    <ClCompile Include="C:\Users\Christian\Documents\Lund\Project\CG_Labs\assimp\code\code\LWSLoader.cpp">
      <Filter>LWS</Filter>
    </ClCompile>
    <ClCompile Include="C:\Users\Christian\Documents\Lund\Project\CG_Labs\assimp\code\code\MD2Loader.cpp">
      <Filter>MD2</Filter>
    </ClCompile>
    <ClCompile Include="C:\Users\Christian\Documents\Lund\Project\CG_Labs\assimp\code\code\MD3Loader.cpp">
      <Filter>MD3</Filter>
    </ClCompile>
    <ClCompile Include="C:\Users\Christian\Documents\Lund\Project\CG_Labs\assimp\code\code\MD5Loader.cpp">
      <Filter>MD5</Filter>
    </ClCompile>
    <ClCompile Include="C:\Users\Christian\Documents\Lund\Project\CG_Labs\assimp\code\code\MD5Parser.cpp">
      <Filter>MD5</Filter>
    </ClCompile>
    <ClCompile Include="C:\Users\Christian\Documents\Lund\Project\CG_Labs\assimp\code\code\MDCLoader.cpp">
      <Filter>MDC</Filter>
    </ClCompile>
    <ClCompile Include="C:\Users\Christian\Documents\Lund\Project\CG_Labs\assimp\code\code\MDLLoader.cpp">
      <Filter>MDL</Filter>
    </ClCompile>
    <ClCompile Include="C:\Users\Christian\Documents\Lund\Project\CG_Labs\assimp\code\code\MDLMaterialLoader.cpp">
      <Filter>MDL</Filter>
    </ClCompile>
    <ClCompile Include="C:\Users\Christian\Documents\Lund\Project\CG_Labs\assimp\code\code\NFFLoader.cpp">
      <Filter>NFF</Filter>
    </ClCompile>
    <ClCompile Include="C:\Users\Christian\Documents\Lund\Project\CG_Labs\assimp\code\code\NDOLoader.cpp">
      <Filter>NDO</Filter>
    </ClCompile>
    <ClCompile Include="C:\Users\Christian\Documents\Lund\Project\CG_Labs\assimp\code\code\OFFLoader.cpp">
      <Filter>OFF</Filter>
    </ClCompile>
    <ClCompile Include="C:\Users\Christian\Documents\Lund\Project\CG_Labs\assimp\code\code\ObjFileImporter.cpp">
      <Filter>OBJ</Filter>
    </ClCompile>
    <ClCompile Include="C:\Users\Christian\Documents\Lund\Project\CG_Labs\assimp\code\code\ObjFileMtlImporter.cpp">
      <Filter>OBJ</Filter>
    </ClCompile>
    <ClCompile Include="C:\Users\Christian\Documents\Lund\Project\CG_Labs\assimp\code\code\ObjFileParser.cpp">
      <Filter>OBJ</Filter>
    </ClCompile>
    <ClCompile Include="C:\Users\Christian\Documents\Lund\Project\CG_Labs\assimp\code\code\ObjExporter.cpp">
      <Filter>OBJ</Filter>
    </ClCompile>
    <ClCompile Include="C:\Users\Christian\Documents\Lund\Project\CG_Labs\assimp\code\code\OgreImporter.cpp">
      <Filter>OGRE</Filter>
    </ClCompile>
    <ClCompile Include="C:\Users\Christian\Documents\Lund\Project\CG_Labs\assimp\code\code\OgreStructs.cpp">
      <Filter>OGRE</Filter>
    </ClCompile>
    <ClCompile Include="C:\Users\Christian\Documents\Lund\Project\CG_Labs\assimp\code\code\OgreBinarySerializer.cpp">
      <Filter>OGRE</Filter>
    </ClCompile>
    <ClCompile Include="C:\Users\Christian\Documents\Lund\Project\CG_Labs\assimp\code\code\OgreXmlSerializer.cpp">
      <Filter>OGRE</Filter>
    </ClCompile>
    <ClCompile Include="C:\Users\Christian\Documents\Lund\Project\CG_Labs\assimp\code\code\OgreMaterial.cpp">
      <Filter>OGRE</Filter>
    </ClCompile>
    <ClCompile Include="C:\Users\Christian\Documents\Lund\Project\CG_Labs\assimp\code\code\OpenGEXExporter.cpp">
      <Filter>OPENGEX</Filter>
    </ClCompile>
    <ClCompile Include="C:\Users\Christian\Documents\Lund\Project\CG_Labs\assimp\code\code\OpenGEXImporter.cpp">
      <Filter>OPENGEX</Filter>
    </ClCompile>
    <ClCompile Include="C:\Users\Christian\Documents\Lund\Project\CG_Labs\assimp\code\code\PlyLoader.cpp">
      <Filter>PLY</Filter>
    </ClCompile>
    <ClCompile Include="C:\Users\Christian\Documents\Lund\Project\CG_Labs\assimp\code\code\PlyParser.cpp">
      <Filter>PLY</Filter>
    </ClCompile>
    <ClCompile Include="C:\Users\Christian\Documents\Lund\Project\CG_Labs\assimp\code\code\PlyExporter.cpp">
      <Filter>PLY</Filter>
    </ClCompile>
    <ClCompile Include="C:\Users\Christian\Documents\Lund\Project\CG_Labs\assimp\code\code\MS3DLoader.cpp">
      <Filter>MS3D</Filter>
    </ClCompile>
    <ClCompile Include="C:\Users\Christian\Documents\Lund\Project\CG_Labs\assimp\code\code\COBLoader.cpp">
      <Filter>COB</Filter>
    </ClCompile>
    <ClCompile Include="C:\Users\Christian\Documents\Lund\Project\CG_Labs\assimp\code\code\BlenderLoader.cpp">
      <Filter>BLEND</Filter>
    </ClCompile>
    <ClCompile Include="C:\Users\Christian\Documents\Lund\Project\CG_Labs\assimp\code\code\BlenderDNA.cpp">
      <Filter>BLEND</Filter>
    </ClCompile>
    <ClCompile Include="C:\Users\Christian\Documents\Lund\Project\CG_Labs\assimp\code\code\BlenderScene.cpp">
      <Filter>BLEND</Filter>
    </ClCompile>
    <ClCompile Include="C:\Users\Christian\Documents\Lund\Project\CG_Labs\assimp\code\code\BlenderModifier.cpp">
      <Filter>BLEND</Filter>
    </ClCompile>
    <ClCompile Include="C:\Users\Christian\Documents\Lund\Project\CG_Labs\assimp\code\code\BlenderBMesh.cpp">
      <Filter>BLEND</Filter>
    </ClCompile>
    <ClCompile Include="C:\Users\Christian\Documents\Lund\Project\CG_Labs\assimp\code\code\BlenderTessellator.cpp">
      <Filter>BLEND</Filter>
    </ClCompile>
    <ClCompile Include="C:\Users\Christian\Documents\Lund\Project\CG_Labs\assimp\code\code\IFCLoader.cpp">
      <Filter>IFC</Filter>
    </ClCompile>
    <ClCompile Include="C:\Users\Christian\Documents\Lund\Project\CG_Labs\assimp\code\code\IFCReaderGen1.cpp">
      <Filter>IFC</Filter>
    </ClCompile>
    <ClCompile Include="C:\Users\Christian\Documents\Lund\Project\CG_Labs\assimp\code\code\IFCReaderGen2.cpp">
      <Filter>IFC</Filter>
    </ClCompile>
    <ClCompile Include="C:\Users\Christian\Documents\Lund\Project\CG_Labs\assimp\code\code\IFCUtil.cpp">
      <Filter>IFC</Filter>
    </ClCompile>
    <ClCompile Include="C:\Users\Christian\Documents\Lund\Project\CG_Labs\assimp\code\code\IFCGeometry.cpp">
      <Filter>IFC</Filter>
    </ClCompile>
    <ClCompile Include="C:\Users\Christian\Documents\Lund\Project\CG_Labs\assimp\code\code\IFCMaterial.cpp">
      <Filter>IFC</Filter>
    </ClCompile>
    <ClCompile Include="C:\Users\Christian\Documents\Lund\Project\CG_Labs\assimp\code\code\IFCProfile.cpp">
      <Filter>IFC</Filter>
    </ClCompile>
    <ClCompile Include="C:\Users\Christian\Documents\Lund\Project\CG_Labs\assimp\code\code\IFCCurve.cpp">
      <Filter>IFC</Filter>
    </ClCompile>
    <ClCompile Include="C:\Users\Christian\Documents\Lund\Project\CG_Labs\assimp\code\code\IFCBoolean.cpp">
      <Filter>IFC</Filter>
    </ClCompile>
    <ClCompile Include="C:\Users\Christian\Documents\Lund\Project\CG_Labs\assimp\code\code\IFCOpenings.cpp">
      <Filter>IFC</Filter>
    </ClCompile>
    <ClCompile Include="C:\Users\Christian\Documents\Lund\Project\CG_Labs\assimp\code\code\STEPFileReader.cpp">
      <Filter>IFC</Filter>
    </ClCompile>
    <ClCompile Include="C:\Users\Christian\Documents\Lund\Project\CG_Labs\assimp\code\code\STEPFileEncoding.cpp">
      <Filter>IFC</Filter>
    </ClCompile>
    <ClCompile Include="C:\Users\Christian\Documents\Lund\Project\CG_Labs\assimp\code\code\XGLLoader.cpp">
      <Filter>XGL</Filter>
    </ClCompile>
    <ClCompile Include="C:\Users\Christian\Documents\Lund\Project\CG_Labs\assimp\code\code\FBXImporter.cpp">
      <Filter>FBX</Filter>
    </ClCompile>
    <ClCompile Include="C:\Users\Christian\Documents\Lund\Project\CG_Labs\assimp\code\code\FBXParser.cpp">
      <Filter>FBX</Filter>
    </ClCompile>
    <ClCompile Include="C:\Users\Christian\Documents\Lund\Project\CG_Labs\assimp\code\code\FBXTokenizer.cpp">
      <Filter>FBX</Filter>
    </ClCompile>
    <ClCompile Include="C:\Users\Christian\Documents\Lund\Project\CG_Labs\assimp\code\code\FBXConverter.cpp">
      <Filter>FBX</Filter>
    </ClCompile>
    <ClCompile Include="C:\Users\Christian\Documents\Lund\Project\CG_Labs\assimp\code\code\FBXUtil.cpp">
      <Filter>FBX</Filter>
    </ClCompile>
    <ClCompile Include="C:\Users\Christian\Documents\Lund\Project\CG_Labs\assimp\code\code\FBXDocument.cpp">
      <Filter>FBX</Filter>
    </ClCompile>
    <ClCompile Include="C:\Users\Christian\Documents\Lund\Project\CG_Labs\assimp\code\code\FBXProperties.cpp">
      <Filter>FBX</Filter>
    </ClCompile>
    <ClCompile Include="C:\Users\Christian\Documents\Lund\Project\CG_Labs\assimp\code\code\FBXMeshGeometry.cpp">
      <Filter>FBX</Filter>
    </ClCompile>
    <ClCompile Include="C:\Users\Christian\Documents\Lund\Project\CG_Labs\assimp\code\code\FBXMaterial.cpp">
      <Filter>FBX</Filter>
    </ClCompile>
    <ClCompile Include="C:\Users\Christian\Documents\Lund\Project\CG_Labs\assimp\code\code\FBXModel.cpp">
      <Filter>FBX</Filter>
    </ClCompile>
    <ClCompile Include="C:\Users\Christian\Documents\Lund\Project\CG_Labs\assimp\code\code\FBXAnimation.cpp">
      <Filter>FBX</Filter>
    </ClCompile>
    <ClCompile Include="C:\Users\Christian\Documents\Lund\Project\CG_Labs\assimp\code\code\FBXNodeAttribute.cpp">
      <Filter>FBX</Filter>
    </ClCompile>
    <ClCompile Include="C:\Users\Christian\Documents\Lund\Project\CG_Labs\assimp\code\code\FBXDeformer.cpp">
      <Filter>FBX</Filter>
    </ClCompile>
    <ClCompile Include="C:\Users\Christian\Documents\Lund\Project\CG_Labs\assimp\code\code\FBXBinaryTokenizer.cpp">
      <Filter>FBX</Filter>
    </ClCompile>
    <ClCompile Include="C:\Users\Christian\Documents\Lund\Project\CG_Labs\assimp\code\code\FBXDocumentUtil.cpp">
      <Filter>FBX</Filter>
    </ClCompile>
    <ClCompile Include="C:\Users\Christian\Documents\Lund\Project\CG_Labs\assimp\code\code\Q3DLoader.cpp">
      <Filter>Q3D</Filter>
    </ClCompile>
    <ClCompile Include="C:\Users\Christian\Documents\Lund\Project\CG_Labs\assimp\code\code\Q3BSPFileParser.cpp">
      <Filter>Q3BSP</Filter>
    </ClCompile>
    <ClCompile Include="C:\Users\Christian\Documents\Lund\Project\CG_Labs\assimp\code\code\Q3BSPFileImporter.cpp">
      <Filter>Q3BSP</Filter>
    </ClCompile>
    <ClCompile Include="C:\Users\Christian\Documents\Lund\Project\CG_Labs\assimp\code\code\Q3BSPZipArchive.cpp">
      <Filter>Q3BSP</Filter>
    </ClCompile>
    <ClCompile Include="C:\Users\Christian\Documents\Lund\Project\CG_Labs\assimp\code\code\RawLoader.cpp">
      <Filter>RAW</Filter>
    </ClCompile>
    <ClCompile Include="C:\Users\Christian\Documents\Lund\Project\CG_Labs\assimp\code\code\SIBImporter.cpp">
      <Filter>SIB</Filter>
    </ClCompile>
    <ClCompile Include="C:\Users\Christian\Documents\Lund\Project\CG_Labs\assimp\code\code\SMDLoader.cpp">
      <Filter>SMD</Filter>
    </ClCompile>
    <ClCompile Include="C:\Users\Christian\Documents\Lund\Project\CG_Labs\assimp\code\code\STLLoader.cpp">
      <Filter>STL</Filter>
    </ClCompile>
    <ClCompile Include="C:\Users\Christian\Documents\Lund\Project\CG_Labs\assimp\code\code\STLExporter.cpp">
      <Filter>STL</Filter>
    </ClCompile>
    <ClCompile Include="C:\Users\Christian\Documents\Lund\Project\CG_Labs\assimp\code\code\TerragenLoader.cpp">
      <Filter>TERRAGEN</Filter>
    </ClCompile>
    <ClCompile Include="C:\Users\Christian\Documents\Lund\Project\CG_Labs\assimp\code\code\UnrealLoader.cpp">
      <Filter>3D</Filter>
    </ClCompile>
    <ClCompile Include="C:\Users\Christian\Documents\Lund\Project\CG_Labs\assimp\code\code\XFileImporter.cpp">
      <Filter>X</Filter>
    </ClCompile>
    <ClCompile Include="C:\Users\Christian\Documents\Lund\Project\CG_Labs\assimp\code\code\XFileParser.cpp">
      <Filter>X</Filter>
    </ClCompile>
    <ClCompile Include="C:\Users\Christian\Documents\Lund\Project\CG_Labs\assimp\code\code\XFileExporter.cpp">
      <Filter>X</Filter>
    </ClCompile>
    <ClCompile Include="C:\Users\Christian\Documents\Lund\Project\CG_Labs\assimp\code\code\X3DExporter.cpp">
      <Filter>X3D</Filter>
    </ClCompile>
    <ClCompile Include="C:\Users\Christian\Documents\Lund\Project\CG_Labs\assimp\code\code\X3DImporter.cpp">
      <Filter>X3D</Filter>
    </ClCompile>
    <ClCompile Include="C:\Users\Christian\Documents\Lund\Project\CG_Labs\assimp\code\code\X3DImporter_Geometry2D.cpp">
      <Filter>X3D</Filter>
    </ClCompile>
    <ClCompile Include="C:\Users\Christian\Documents\Lund\Project\CG_Labs\assimp\code\code\X3DImporter_Geometry3D.cpp">
      <Filter>X3D</Filter>
    </ClCompile>
    <ClCompile Include="C:\Users\Christian\Documents\Lund\Project\CG_Labs\assimp\code\code\X3DImporter_Group.cpp">
      <Filter>X3D</Filter>
    </ClCompile>
    <ClCompile Include="C:\Users\Christian\Documents\Lund\Project\CG_Labs\assimp\code\code\X3DImporter_Light.cpp">
      <Filter>X3D</Filter>
    </ClCompile>
    <ClCompile Include="C:\Users\Christian\Documents\Lund\Project\CG_Labs\assimp\code\code\X3DImporter_Metadata.cpp">
      <Filter>X3D</Filter>
    </ClCompile>
    <ClCompile Include="C:\Users\Christian\Documents\Lund\Project\CG_Labs\assimp\code\code\X3DImporter_Networking.cpp">
      <Filter>X3D</Filter>
    </ClCompile>
    <ClCompile Include="C:\Users\Christian\Documents\Lund\Project\CG_Labs\assimp\code\code\X3DImporter_Postprocess.cpp">
      <Filter>X3D</Filter>
    </ClCompile>
    <ClCompile Include="C:\Users\Christian\Documents\Lund\Project\CG_Labs\assimp\code\code\X3DImporter_Rendering.cpp">
      <Filter>X3D</Filter>
    </ClCompile>
    <ClCompile Include="C:\Users\Christian\Documents\Lund\Project\CG_Labs\assimp\code\code\X3DImporter_Shape.cpp">
      <Filter>X3D</Filter>
    </ClCompile>
    <ClCompile Include="C:\Users\Christian\Documents\Lund\Project\CG_Labs\assimp\code\code\X3DImporter_Texturing.cpp">
      <Filter>X3D</Filter>
    </ClCompile>
    <ClCompile Include="C:\Users\Christian\Documents\Lund\Project\CG_Labs\assimp\code\code\FIReader.cpp">
      <Filter>X3D</Filter>
    </ClCompile>
    <ClCompile Include="C:\Users\Christian\Documents\Lund\Project\CG_Labs\assimp\code\code\X3DVocabulary.cpp">
      <Filter>X3D</Filter>
    </ClCompile>
    <ClCompile Include="C:\Users\Christian\Documents\Lund\Project\CG_Labs\assimp\code\code\glTFImporter.cpp">
      <Filter>GLTF</Filter>
    </ClCompile>
    <ClCompile Include="C:\Users\Christian\Documents\Lund\Project\CG_Labs\assimp\code\code\glTFExporter.cpp">
      <Filter>GLTF</Filter>
    </ClCompile>
    <ClCompile Include="C:\Users\Christian\Documents\Lund\Project\CG_Labs\assimp\code\code\D3MFImporter.cpp">
      <Filter>3MF</Filter>
    </ClCompile>
    <ClCompile Include="C:\Users\Christian\Documents\Lund\Project\CG_Labs\assimp\code\code\D3MFOpcPackage.cpp">
      <Filter>3MF</Filter>
    </ClCompile>
    <ClCompile Include="C:\Users\Christian\Documents\Lund\Project\CG_Labs\assimp\code\code\MMDImporter.cpp">
      <Filter>MMD</Filter>
    </ClCompile>
    <ClCompile Include="C:\Users\Christian\Documents\Lund\Project\CG_Labs\assimp\code\code\MMDPmxParser.cpp">
      <Filter>MMD</Filter>
    </ClCompile>
    <ClCompile Include="C:\Users\Christian\Documents\Lund\Project\CG_Labs\assimp\code\contrib\unzip\ioapi.c">
      <Filter>unzip</Filter>
    </ClCompile>
    <ClCompile Include="C:\Users\Christian\Documents\Lund\Project\CG_Labs\assimp\code\contrib\unzip\unzip.c">
      <Filter>unzip</Filter>
    </ClCompile>
    <ClCompile Include="C:\Users\Christian\Documents\Lund\Project\CG_Labs\assimp\code\contrib\poly2tri\poly2tri\common\shapes.cc">
      <Filter>Poly2Tri</Filter>
    </ClCompile>
    <ClCompile Include="C:\Users\Christian\Documents\Lund\Project\CG_Labs\assimp\code\contrib\poly2tri\poly2tri\sweep\advancing_front.cc">
      <Filter>Poly2Tri</Filter>
    </ClCompile>
    <ClCompile Include="C:\Users\Christian\Documents\Lund\Project\CG_Labs\assimp\code\contrib\poly2tri\poly2tri\sweep\cdt.cc">
      <Filter>Poly2Tri</Filter>
    </ClCompile>
    <ClCompile Include="C:\Users\Christian\Documents\Lund\Project\CG_Labs\assimp\code\contrib\poly2tri\poly2tri\sweep\sweep.cc">
      <Filter>Poly2Tri</Filter>
    </ClCompile>
    <ClCompile Include="C:\Users\Christian\Documents\Lund\Project\CG_Labs\assimp\code\contrib\poly2tri\poly2tri\sweep\sweep_context.cc">
      <Filter>Poly2Tri</Filter>
    </ClCompile>
    <ClCompile Include="C:\Users\Christian\Documents\Lund\Project\CG_Labs\assimp\code\contrib\clipper\clipper.cpp">
      <Filter>Clipper</Filter>
    </ClCompile>
    <ClCompile Include="C:\Users\Christian\Documents\Lund\Project\CG_Labs\assimp\code\contrib\openddlparser\code\OpenDDLParser.cpp">
      <Filter>openddl_parser</Filter>
    </ClCompile>
    <ClCompile Include="C:\Users\Christian\Documents\Lund\Project\CG_Labs\assimp\code\contrib\openddlparser\code\DDLNode.cpp">
      <Filter>openddl_parser</Filter>
    </ClCompile>
    <ClCompile Include="C:\Users\Christian\Documents\Lund\Project\CG_Labs\assimp\code\contrib\openddlparser\code\OpenDDLCommon.cpp">
      <Filter>openddl_parser</Filter>
    </ClCompile>
    <ClCompile Include="C:\Users\Christian\Documents\Lund\Project\CG_Labs\assimp\code\contrib\openddlparser\code\OpenDDLExport.cpp">
      <Filter>openddl_parser</Filter>
    </ClCompile>
    <ClCompile Include="C:\Users\Christian\Documents\Lund\Project\CG_Labs\assimp\code\contrib\openddlparser\code\Value.cpp">
      <Filter>openddl_parser</Filter>
    </ClCompile>
    <ClCompile Include="C:\Users\Christian\Documents\Lund\Project\CG_Labs\assimp\code\contrib\openddlparser\code\OpenDDLStream.cpp">
      <Filter>openddl_parser</Filter>
    </ClCompile>
    <ClCompile Include="C:\Users\Christian\Documents\Lund\Project\CG_Labs\assimp\code\contrib\Open3DGC\o3dgcArithmeticCodec.cpp">
      <Filter>open3dgc</Filter>
    </ClCompile>
    <ClCompile Include="C:\Users\Christian\Documents\Lund\Project\CG_Labs\assimp\code\contrib\Open3DGC\o3dgcDynamicVectorDecoder.cpp">
      <Filter>open3dgc</Filter>
    </ClCompile>
    <ClCompile Include="C:\Users\Christian\Documents\Lund\Project\CG_Labs\assimp\code\contrib\Open3DGC\o3dgcDynamicVectorEncoder.cpp">
      <Filter>open3dgc</Filter>
    </ClCompile>
    <ClCompile Include="C:\Users\Christian\Documents\Lund\Project\CG_Labs\assimp\code\contrib\Open3DGC\o3dgcTools.cpp">
      <Filter>open3dgc</Filter>
    </ClCompile>
    <ClCompile Include="C:\Users\Christian\Documents\Lund\Project\CG_Labs\assimp\code\contrib\Open3DGC\o3dgcTriangleFans.cpp">
      <Filter>open3dgc</Filter>
    </ClCompile>
  </ItemGroup>
  <ItemGroup>
    <ClInclude Include="C:\Users\Christian\Documents\Lund\Project\CG_Labs\assimp\code\code\fast_atof.h">
      <Filter>Common</Filter>
    </ClInclude>
    <ClInclude Include="C:\Users\Christian\Documents\Lund\Project\CG_Labs\assimp\code\code\qnan.h">
      <Filter>Common</Filter>
    </ClInclude>
    <ClInclude Include="C:\Users\Christian\Documents\Lund\Project\CG_Labs\assimp\code\code\BaseImporter.h">
      <Filter>Common</Filter>
    </ClInclude>
    <ClInclude Include="C:\Users\Christian\Documents\Lund\Project\CG_Labs\assimp\code\code\BaseProcess.h">
      <Filter>Common</Filter>
    </ClInclude>
    <ClInclude Include="C:\Users\Christian\Documents\Lund\Project\CG_Labs\assimp\code\code\Importer.h">
      <Filter>Common</Filter>
    </ClInclude>
    <ClInclude Include="C:\Users\Christian\Documents\Lund\Project\CG_Labs\assimp\code\code\ScenePrivate.h">
      <Filter>Common</Filter>
    </ClInclude>
    <ClInclude Include="C:\Users\Christian\Documents\Lund\Project\CG_Labs\assimp\code\code\ByteSwapper.h">
      <Filter>Common</Filter>
    </ClInclude>
    <ClInclude Include="C:\Users\Christian\Documents\Lund\Project\CG_Labs\assimp\code\code\DefaultProgressHandler.h">
      <Filter>Common</Filter>
    </ClInclude>
    <ClInclude Include="C:\Users\Christian\Documents\Lund\Project\CG_Labs\assimp\code\code\CInterfaceIOWrapper.h">
      <Filter>Common</Filter>
    </ClInclude>
    <ClInclude Include="C:\Users\Christian\Documents\Lund\Project\CG_Labs\assimp\code\code\Hash.h">
      <Filter>Common</Filter>
    </ClInclude>
    <ClInclude Include="C:\Users\Christian\Documents\Lund\Project\CG_Labs\assimp\code\code\IFF.h">
      <Filter>Common</Filter>
    </ClInclude>
    <ClInclude Include="C:\Users\Christian\Documents\Lund\Project\CG_Labs\assimp\code\code\MemoryIOWrapper.h">
      <Filter>Common</Filter>
    </ClInclude>
    <ClInclude Include="C:\Users\Christian\Documents\Lund\Project\CG_Labs\assimp\code\code\ParsingUtils.h">
      <Filter>Common</Filter>
    </ClInclude>
    <ClInclude Include="C:\Users\Christian\Documents\Lund\Project\CG_Labs\assimp\code\code\StreamReader.h">
      <Filter>Common</Filter>
    </ClInclude>
    <ClInclude Include="C:\Users\Christian\Documents\Lund\Project\CG_Labs\assimp\code\code\StreamWriter.h">
      <Filter>Common</Filter>
    </ClInclude>
    <ClInclude Include="C:\Users\Christian\Documents\Lund\Project\CG_Labs\assimp\code\code\StringComparison.h">
      <Filter>Common</Filter>
    </ClInclude>
    <ClInclude Include="C:\Users\Christian\Documents\Lund\Project\CG_Labs\assimp\code\code\StringUtils.h">
      <Filter>Common</Filter>
    </ClInclude>
    <ClInclude Include="C:\Users\Christian\Documents\Lund\Project\CG_Labs\assimp\code\code\SGSpatialSort.h">
      <Filter>Common</Filter>
    </ClInclude>
    <ClInclude Include="C:\Users\Christian\Documents\Lund\Project\CG_Labs\assimp\code\code\VertexTriangleAdjacency.h">
      <Filter>Common</Filter>
    </ClInclude>
    <ClInclude Include="C:\Users\Christian\Documents\Lund\Project\CG_Labs\assimp\code\code\GenericProperty.h">
      <Filter>Common</Filter>
    </ClInclude>
    <ClInclude Include="C:\Users\Christian\Documents\Lund\Project\CG_Labs\assimp\code\code\SpatialSort.h">
      <Filter>Common</Filter>
    </ClInclude>
    <ClInclude Include="C:\Users\Christian\Documents\Lund\Project\CG_Labs\assimp\code\code\ScenePreprocessor.h">
      <Filter>Common</Filter>
    </ClInclude>
    <ClInclude Include="C:\Users\Christian\Documents\Lund\Project\CG_Labs\assimp\code\code\SkeletonMeshBuilder.h">
      <Filter>Common</Filter>
    </ClInclude>
    <ClInclude Include="C:\Users\Christian\Documents\Lund\Project\CG_Labs\assimp\code\code\SplitByBoneCountProcess.h">
      <Filter>Common</Filter>
    </ClInclude>
    <ClInclude Include="C:\Users\Christian\Documents\Lund\Project\CG_Labs\assimp\code\code\SmoothingGroups.h">
      <Filter>Common</Filter>
    </ClInclude>
    <ClInclude Include="C:\Users\Christian\Documents\Lund\Project\CG_Labs\assimp\code\code\StandardShapes.h">
      <Filter>Common</Filter>
    </ClInclude>
    <ClInclude Include="C:\Users\Christian\Documents\Lund\Project\CG_Labs\assimp\code\code\TargetAnimation.h">
      <Filter>Common</Filter>
    </ClInclude>
    <ClInclude Include="C:\Users\Christian\Documents\Lund\Project\CG_Labs\assimp\code\code\RemoveComments.h">
      <Filter>Common</Filter>
    </ClInclude>
    <ClInclude Include="C:\Users\Christian\Documents\Lund\Project\CG_Labs\assimp\code\code\Subdivision.h">
      <Filter>Common</Filter>
    </ClInclude>
    <ClInclude Include="C:\Users\Christian\Documents\Lund\Project\CG_Labs\assimp\code\code\Vertex.h">
      <Filter>Common</Filter>
    </ClInclude>
    <ClInclude Include="C:\Users\Christian\Documents\Lund\Project\CG_Labs\assimp\code\code\LineSplitter.h">
      <Filter>Common</Filter>
    </ClInclude>
    <ClInclude Include="C:\Users\Christian\Documents\Lund\Project\CG_Labs\assimp\code\code\TinyFormatter.h">
      <Filter>Common</Filter>
    </ClInclude>
    <ClInclude Include="C:\Users\Christian\Documents\Lund\Project\CG_Labs\assimp\code\code\Profiler.h">
      <Filter>Common</Filter>
    </ClInclude>
    <ClInclude Include="C:\Users\Christian\Documents\Lund\Project\CG_Labs\assimp\code\code\LogAux.h">
      <Filter>Common</Filter>
    </ClInclude>
    <ClInclude Include="C:\Users\Christian\Documents\Lund\Project\CG_Labs\assimp\code\code\Bitmap.h">
      <Filter>Common</Filter>
    </ClInclude>
    <ClInclude Include="C:\Users\Christian\Documents\Lund\Project\CG_Labs\assimp\code\code\XMLTools.h">
      <Filter>Common</Filter>
    </ClInclude>
    <ClInclude Include="C:\Users\Christian\Documents\Lund\Project\CG_Labs\assimp\code\code\IOStreamBuffer.h">
      <Filter>Common</Filter>
    </ClInclude>
    <ClInclude Include="C:\Users\Christian\Documents\Lund\Project\CG_Labs\assimp\code\code\CreateAnimMesh.h">
      <Filter>Common</Filter>
    </ClInclude>
    <ClInclude Include="C:\Users\Christian\Documents\Lund\Project\CG_Labs\assimp\code\include\assimp\DefaultLogger.hpp">
      <Filter>Logging</Filter>
    </ClInclude>
    <ClInclude Include="C:\Users\Christian\Documents\Lund\Project\CG_Labs\assimp\code\include\assimp\LogStream.hpp">
      <Filter>Logging</Filter>
    </ClInclude>
    <ClInclude Include="C:\Users\Christian\Documents\Lund\Project\CG_Labs\assimp\code\include\assimp\Logger.hpp">
      <Filter>Logging</Filter>
    </ClInclude>
    <ClInclude Include="C:\Users\Christian\Documents\Lund\Project\CG_Labs\assimp\code\include\assimp\NullLogger.hpp">
      <Filter>Logging</Filter>
    </ClInclude>
    <ClInclude Include="C:\Users\Christian\Documents\Lund\Project\CG_Labs\assimp\code\code\Win32DebugLogStream.h">
      <Filter>Logging</Filter>
    </ClInclude>
    <ClInclude Include="C:\Users\Christian\Documents\Lund\Project\CG_Labs\assimp\code\code\FileLogStream.h">
      <Filter>Logging</Filter>
    </ClInclude>
    <ClInclude Include="C:\Users\Christian\Documents\Lund\Project\CG_Labs\assimp\code\code\StdOStreamLogStream.h">
      <Filter>Logging</Filter>
    </ClInclude>
    <ClInclude Include="C:\Users\Christian\Documents\Lund\Project\CG_Labs\assimp\code\code\BlobIOSystem.h">
      <Filter>Exporter</Filter>
    </ClInclude>
    <ClInclude Include="C:\Users\Christian\Documents\Lund\Project\CG_Labs\assimp\code\code\CalcTangentsProcess.h">
      <Filter>PostProcessing</Filter>
    </ClInclude>
    <ClInclude Include="C:\Users\Christian\Documents\Lund\Project\CG_Labs\assimp\code\code\ComputeUVMappingProcess.h">
      <Filter>PostProcessing</Filter>
    </ClInclude>
    <ClInclude Include="C:\Users\Christian\Documents\Lund\Project\CG_Labs\assimp\code\code\ConvertToLHProcess.h">
      <Filter>PostProcessing</Filter>
    </ClInclude>
    <ClInclude Include="C:\Users\Christian\Documents\Lund\Project\CG_Labs\assimp\code\code\FindDegenerates.h">
      <Filter>PostProcessing</Filter>
    </ClInclude>
    <ClInclude Include="C:\Users\Christian\Documents\Lund\Project\CG_Labs\assimp\code\code\FindInstancesProcess.h">
      <Filter>PostProcessing</Filter>
    </ClInclude>
    <ClInclude Include="C:\Users\Christian\Documents\Lund\Project\CG_Labs\assimp\code\code\FindInvalidDataProcess.h">
      <Filter>PostProcessing</Filter>
    </ClInclude>
    <ClInclude Include="C:\Users\Christian\Documents\Lund\Project\CG_Labs\assimp\code\code\FixNormalsStep.h">
      <Filter>PostProcessing</Filter>
    </ClInclude>
    <ClInclude Include="C:\Users\Christian\Documents\Lund\Project\CG_Labs\assimp\code\code\GenFaceNormalsProcess.h">
      <Filter>PostProcessing</Filter>
    </ClInclude>
    <ClInclude Include="C:\Users\Christian\Documents\Lund\Project\CG_Labs\assimp\code\code\GenVertexNormalsProcess.h">
      <Filter>PostProcessing</Filter>
    </ClInclude>
    <ClInclude Include="C:\Users\Christian\Documents\Lund\Project\CG_Labs\assimp\code\code\PretransformVertices.h">
      <Filter>PostProcessing</Filter>
    </ClInclude>
    <ClInclude Include="C:\Users\Christian\Documents\Lund\Project\CG_Labs\assimp\code\code\ImproveCacheLocality.h">
      <Filter>PostProcessing</Filter>
    </ClInclude>
    <ClInclude Include="C:\Users\Christian\Documents\Lund\Project\CG_Labs\assimp\code\code\JoinVerticesProcess.h">
      <Filter>PostProcessing</Filter>
    </ClInclude>
    <ClInclude Include="C:\Users\Christian\Documents\Lund\Project\CG_Labs\assimp\code\code\LimitBoneWeightsProcess.h">
      <Filter>PostProcessing</Filter>
    </ClInclude>
    <ClInclude Include="C:\Users\Christian\Documents\Lund\Project\CG_Labs\assimp\code\code\RemoveRedundantMaterials.h">
      <Filter>PostProcessing</Filter>
    </ClInclude>
    <ClInclude Include="C:\Users\Christian\Documents\Lund\Project\CG_Labs\assimp\code\code\RemoveVCProcess.h">
      <Filter>PostProcessing</Filter>
    </ClInclude>
    <ClInclude Include="C:\Users\Christian\Documents\Lund\Project\CG_Labs\assimp\code\code\SortByPTypeProcess.h">
      <Filter>PostProcessing</Filter>
    </ClInclude>
    <ClInclude Include="C:\Users\Christian\Documents\Lund\Project\CG_Labs\assimp\code\code\SplitLargeMeshes.h">
      <Filter>PostProcessing</Filter>
    </ClInclude>
    <ClInclude Include="C:\Users\Christian\Documents\Lund\Project\CG_Labs\assimp\code\code\TextureTransform.h">
      <Filter>PostProcessing</Filter>
    </ClInclude>
    <ClInclude Include="C:\Users\Christian\Documents\Lund\Project\CG_Labs\assimp\code\code\TriangulateProcess.h">
      <Filter>PostProcessing</Filter>
    </ClInclude>
    <ClInclude Include="C:\Users\Christian\Documents\Lund\Project\CG_Labs\assimp\code\code\ValidateDataStructure.h">
      <Filter>PostProcessing</Filter>
    </ClInclude>
    <ClInclude Include="C:\Users\Christian\Documents\Lund\Project\CG_Labs\assimp\code\code\OptimizeGraph.h">
      <Filter>PostProcessing</Filter>
    </ClInclude>
    <ClInclude Include="C:\Users\Christian\Documents\Lund\Project\CG_Labs\assimp\code\code\OptimizeMeshes.h">
      <Filter>PostProcessing</Filter>
    </ClInclude>
    <ClInclude Include="C:\Users\Christian\Documents\Lund\Project\CG_Labs\assimp\code\code\DeboneProcess.h">
      <Filter>PostProcessing</Filter>
    </ClInclude>
    <ClInclude Include="C:\Users\Christian\Documents\Lund\Project\CG_Labs\assimp\code\code\ProcessHelper.h">
      <Filter>PostProcessing</Filter>
    </ClInclude>
    <ClInclude Include="C:\Users\Christian\Documents\Lund\Project\CG_Labs\assimp\code\code\PolyTools.h">
      <Filter>PostProcessing</Filter>
    </ClInclude>
    <ClInclude Include="C:\Users\Christian\Documents\Lund\Project\CG_Labs\assimp\code\code\MakeVerboseFormat.h">
      <Filter>PostProcessing</Filter>
    </ClInclude>
    <ClInclude Include="C:\Users\Christian\Documents\Lund\Project\CG_Labs\assimp\code\code\MaterialSystem.h">
      <Filter>MaterialSystem</Filter>
    </ClInclude>
    <ClInclude Include="C:\Users\Christian\Documents\Lund\Project\CG_Labs\assimp\code\code\StepExporter.h">
      <Filter>Step</Filter>
    </ClInclude>
    <ClInclude Include="C:\Users\Christian\Documents\Lund\Project\CG_Labs\assimp\code\code\AMFImporter.hpp">
      <Filter>AMF</Filter>
    </ClInclude>
    <ClInclude Include="C:\Users\Christian\Documents\Lund\Project\CG_Labs\assimp\code\code\AMFImporter_Macro.hpp">
      <Filter>AMF</Filter>
    </ClInclude>
    <ClInclude Include="C:\Users\Christian\Documents\Lund\Project\CG_Labs\assimp\code\code\AMFImporter_Node.hpp">
      <Filter>AMF</Filter>
    </ClInclude>
    <ClInclude Include="C:\Users\Christian\Documents\Lund\Project\CG_Labs\assimp\code\code\3DSHelper.h">
      <Filter>3DS</Filter>
    </ClInclude>
    <ClInclude Include="C:\Users\Christian\Documents\Lund\Project\CG_Labs\assimp\code\code\3DSLoader.h">
      <Filter>3DS</Filter>
    </ClInclude>
    <ClInclude Include="C:\Users\Christian\Documents\Lund\Project\CG_Labs\assimp\code\code\3DSExporter.h">
      <Filter>3DS</Filter>
    </ClInclude>
    <ClInclude Include="C:\Users\Christian\Documents\Lund\Project\CG_Labs\assimp\code\code\ACLoader.h">
      <Filter>AC</Filter>
    </ClInclude>
    <ClInclude Include="C:\Users\Christian\Documents\Lund\Project\CG_Labs\assimp\code\code\ASELoader.h">
      <Filter>ASE</Filter>
    </ClInclude>
    <ClInclude Include="C:\Users\Christian\Documents\Lund\Project\CG_Labs\assimp\code\code\ASEParser.h">
      <Filter>ASE</Filter>
    </ClInclude>
    <ClInclude Include="C:\Users\Christian\Documents\Lund\Project\CG_Labs\assimp\code\code\AssbinExporter.h">
      <Filter>ASSBIN</Filter>
    </ClInclude>
    <ClInclude Include="C:\Users\Christian\Documents\Lund\Project\CG_Labs\assimp\code\code\AssbinLoader.h">
      <Filter>ASSBIN</Filter>
    </ClInclude>
    <ClInclude Include="C:\Users\Christian\Documents\Lund\Project\CG_Labs\assimp\code\code\AssxmlExporter.h">
      <Filter>ASSXML</Filter>
    </ClInclude>
    <ClInclude Include="C:\Users\Christian\Documents\Lund\Project\CG_Labs\assimp\code\code\B3DImporter.h">
      <Filter>B3D</Filter>
    </ClInclude>
    <ClInclude Include="C:\Users\Christian\Documents\Lund\Project\CG_Labs\assimp\code\code\BVHLoader.h">
      <Filter>BVH</Filter>
    </ClInclude>
    <ClInclude Include="C:\Users\Christian\Documents\Lund\Project\CG_Labs\assimp\code\code\ColladaHelper.h">
      <Filter>COLLADA</Filter>
    </ClInclude>
    <ClInclude Include="C:\Users\Christian\Documents\Lund\Project\CG_Labs\assimp\code\code\ColladaLoader.h">
      <Filter>COLLADA</Filter>
    </ClInclude>
    <ClInclude Include="C:\Users\Christian\Documents\Lund\Project\CG_Labs\assimp\code\code\ColladaParser.h">
      <Filter>COLLADA</Filter>
    </ClInclude>
    <ClInclude Include="C:\Users\Christian\Documents\Lund\Project\CG_Labs\assimp\code\code\ColladaExporter.h">
      <Filter>COLLADA</Filter>
    </ClInclude>
    <ClInclude Include="C:\Users\Christian\Documents\Lund\Project\CG_Labs\assimp\code\code\DXFLoader.h">
      <Filter>DXF</Filter>
    </ClInclude>
    <ClInclude Include="C:\Users\Christian\Documents\Lund\Project\CG_Labs\assimp\code\code\DXFHelper.h">
      <Filter>DXF</Filter>
    </ClInclude>
    <ClInclude Include="C:\Users\Christian\Documents\Lund\Project\CG_Labs\assimp\code\code\CSMLoader.h">
      <Filter>CSM</Filter>
    </ClInclude>
    <ClInclude Include="C:\Users\Christian\Documents\Lund\Project\CG_Labs\assimp\code\code\HMPFileData.h">
      <Filter>HMP</Filter>
    </ClInclude>
    <ClInclude Include="C:\Users\Christian\Documents\Lund\Project\CG_Labs\assimp\code\code\HMPLoader.h">
      <Filter>HMP</Filter>
    </ClInclude>
    <ClInclude Include="C:\Users\Christian\Documents\Lund\Project\CG_Labs\assimp\code\code\HalfLifeFileData.h">
      <Filter>HMP</Filter>
    </ClInclude>
    <ClInclude Include="C:\Users\Christian\Documents\Lund\Project\CG_Labs\assimp\code\code\IRRMeshLoader.h">
      <Filter>IRRMESH</Filter>
    </ClInclude>
    <ClInclude Include="C:\Users\Christian\Documents\Lund\Project\CG_Labs\assimp\code\code\IRRShared.h">
      <Filter>IRR</Filter>
    </ClInclude>
    <ClInclude Include="C:\Users\Christian\Documents\Lund\Project\CG_Labs\assimp\code\code\IRRLoader.h">
      <Filter>IRR</Filter>
    </ClInclude>
    <ClInclude Include="C:\Users\Christian\Documents\Lund\Project\CG_Labs\assimp\code\code\LWOAnimation.h">
      <Filter>LWO</Filter>
    </ClInclude>
    <ClInclude Include="C:\Users\Christian\Documents\Lund\Project\CG_Labs\assimp\code\code\LWOFileData.h">
      <Filter>LWO</Filter>
    </ClInclude>
    <ClInclude Include="C:\Users\Christian\Documents\Lund\Project\CG_Labs\assimp\code\code\LWOLoader.h">
      <Filter>LWO</Filter>
    </ClInclude>
    <ClInclude Include="C:\Users\Christian\Documents\Lund\Project\CG_Labs\assimp\code\code\LWSLoader.h">
      <Filter>LWS</Filter>
    </ClInclude>
    <ClInclude Include="C:\Users\Christian\Documents\Lund\Project\CG_Labs\assimp\code\code\MD2FileData.h">
      <Filter>MD2</Filter>
    </ClInclude>
    <ClInclude Include="C:\Users\Christian\Documents\Lund\Project\CG_Labs\assimp\code\code\MD2Loader.h">
      <Filter>MD2</Filter>
    </ClInclude>
    <ClInclude Include="C:\Users\Christian\Documents\Lund\Project\CG_Labs\assimp\code\code\MD2NormalTable.h">
      <Filter>MD2</Filter>
    </ClInclude>
    <ClInclude Include="C:\Users\Christian\Documents\Lund\Project\CG_Labs\assimp\code\code\MD3FileData.h">
      <Filter>MD3</Filter>
    </ClInclude>
    <ClInclude Include="C:\Users\Christian\Documents\Lund\Project\CG_Labs\assimp\code\code\MD3Loader.h">
      <Filter>MD3</Filter>
    </ClInclude>
    <ClInclude Include="C:\Users\Christian\Documents\Lund\Project\CG_Labs\assimp\code\code\MD5Loader.h">
      <Filter>MD5</Filter>
    </ClInclude>
    <ClInclude Include="C:\Users\Christian\Documents\Lund\Project\CG_Labs\assimp\code\code\MD5Parser.h">
      <Filter>MD5</Filter>
    </ClInclude>
    <ClInclude Include="C:\Users\Christian\Documents\Lund\Project\CG_Labs\assimp\code\code\MDCFileData.h">
      <Filter>MDC</Filter>
    </ClInclude>
    <ClInclude Include="C:\Users\Christian\Documents\Lund\Project\CG_Labs\assimp\code\code\MDCLoader.h">
      <Filter>MDC</Filter>
    </ClInclude>
    <ClInclude Include="C:\Users\Christian\Documents\Lund\Project\CG_Labs\assimp\code\code\MDCNormalTable.h">
      <Filter>MDC</Filter>
    </ClInclude>
    <ClInclude Include="C:\Users\Christian\Documents\Lund\Project\CG_Labs\assimp\code\code\MDLDefaultColorMap.h">
      <Filter>MDL</Filter>
    </ClInclude>
    <ClInclude Include="C:\Users\Christian\Documents\Lund\Project\CG_Labs\assimp\code\code\MDLFileData.h">
      <Filter>MDL</Filter>
    </ClInclude>
    <ClInclude Include="C:\Users\Christian\Documents\Lund\Project\CG_Labs\assimp\code\code\MDLLoader.h">
      <Filter>MDL</Filter>
    </ClInclude>
    <ClInclude Include="C:\Users\Christian\Documents\Lund\Project\CG_Labs\assimp\code\code\NFFLoader.h">
      <Filter>NFF</Filter>
    </ClInclude>
    <ClInclude Include="C:\Users\Christian\Documents\Lund\Project\CG_Labs\assimp\code\code\NDOLoader.h">
      <Filter>NDO</Filter>
    </ClInclude>
    <ClInclude Include="C:\Users\Christian\Documents\Lund\Project\CG_Labs\assimp\code\code\OFFLoader.h">
      <Filter>OFF</Filter>
    </ClInclude>
    <ClInclude Include="C:\Users\Christian\Documents\Lund\Project\CG_Labs\assimp\code\code\ObjFileData.h">
      <Filter>OBJ</Filter>
    </ClInclude>
    <ClInclude Include="C:\Users\Christian\Documents\Lund\Project\CG_Labs\assimp\code\code\ObjFileImporter.h">
      <Filter>OBJ</Filter>
    </ClInclude>
    <ClInclude Include="C:\Users\Christian\Documents\Lund\Project\CG_Labs\assimp\code\code\ObjFileMtlImporter.h">
      <Filter>OBJ</Filter>
    </ClInclude>
    <ClInclude Include="C:\Users\Christian\Documents\Lund\Project\CG_Labs\assimp\code\code\ObjFileParser.h">
      <Filter>OBJ</Filter>
    </ClInclude>
    <ClInclude Include="C:\Users\Christian\Documents\Lund\Project\CG_Labs\assimp\code\code\ObjTools.h">
      <Filter>OBJ</Filter>
    </ClInclude>
    <ClInclude Include="C:\Users\Christian\Documents\Lund\Project\CG_Labs\assimp\code\code\ObjExporter.h">
      <Filter>OBJ</Filter>
    </ClInclude>
    <ClInclude Include="C:\Users\Christian\Documents\Lund\Project\CG_Labs\assimp\code\code\OgreImporter.h">
      <Filter>OGRE</Filter>
    </ClInclude>
    <ClInclude Include="C:\Users\Christian\Documents\Lund\Project\CG_Labs\assimp\code\code\OgreStructs.h">
      <Filter>OGRE</Filter>
    </ClInclude>
    <ClInclude Include="C:\Users\Christian\Documents\Lund\Project\CG_Labs\assimp\code\code\OgreParsingUtils.h">
      <Filter>OGRE</Filter>
    </ClInclude>
    <ClInclude Include="C:\Users\Christian\Documents\Lund\Project\CG_Labs\assimp\code\code\OgreBinarySerializer.h">
      <Filter>OGRE</Filter>
    </ClInclude>
    <ClInclude Include="C:\Users\Christian\Documents\Lund\Project\CG_Labs\assimp\code\code\OgreXmlSerializer.h">
      <Filter>OGRE</Filter>
    </ClInclude>
    <ClInclude Include="C:\Users\Christian\Documents\Lund\Project\CG_Labs\assimp\code\code\OpenGEXExporter.h">
      <Filter>OPENGEX</Filter>
    </ClInclude>
    <ClInclude Include="C:\Users\Christian\Documents\Lund\Project\CG_Labs\assimp\code\code\OpenGEXImporter.h">
      <Filter>OPENGEX</Filter>
    </ClInclude>
    <ClInclude Include="C:\Users\Christian\Documents\Lund\Project\CG_Labs\assimp\code\code\OpenGEXStructs.h">
      <Filter>OPENGEX</Filter>
    </ClInclude>
    <ClInclude Include="C:\Users\Christian\Documents\Lund\Project\CG_Labs\assimp\code\code\PlyLoader.h">
      <Filter>PLY</Filter>
    </ClInclude>
    <ClInclude Include="C:\Users\Christian\Documents\Lund\Project\CG_Labs\assimp\code\code\PlyParser.h">
      <Filter>PLY</Filter>
    </ClInclude>
    <ClInclude Include="C:\Users\Christian\Documents\Lund\Project\CG_Labs\assimp\code\code\PlyExporter.h">
      <Filter>PLY</Filter>
    </ClInclude>
    <ClInclude Include="C:\Users\Christian\Documents\Lund\Project\CG_Labs\assimp\code\code\MS3DLoader.h">
      <Filter>MS3D</Filter>
    </ClInclude>
    <ClInclude Include="C:\Users\Christian\Documents\Lund\Project\CG_Labs\assimp\code\code\COBLoader.h">
      <Filter>COB</Filter>
    </ClInclude>
    <ClInclude Include="C:\Users\Christian\Documents\Lund\Project\CG_Labs\assimp\code\code\COBScene.h">
      <Filter>COB</Filter>
    </ClInclude>
    <ClInclude Include="C:\Users\Christian\Documents\Lund\Project\CG_Labs\assimp\code\code\BlenderLoader.h">
      <Filter>BLEND</Filter>
    </ClInclude>
    <ClInclude Include="C:\Users\Christian\Documents\Lund\Project\CG_Labs\assimp\code\code\BlenderDNA.h">
      <Filter>BLEND</Filter>
    </ClInclude>
    <ClInclude Include="C:\Users\Christian\Documents\Lund\Project\CG_Labs\assimp\code\code\BlenderDNA.inl">
      <Filter>BLEND</Filter>
    </ClInclude>
    <ClInclude Include="C:\Users\Christian\Documents\Lund\Project\CG_Labs\assimp\code\code\BlenderScene.h">
      <Filter>BLEND</Filter>
    </ClInclude>
    <ClInclude Include="C:\Users\Christian\Documents\Lund\Project\CG_Labs\assimp\code\code\BlenderSceneGen.h">
      <Filter>BLEND</Filter>
    </ClInclude>
    <ClInclude Include="C:\Users\Christian\Documents\Lund\Project\CG_Labs\assimp\code\code\BlenderIntermediate.h">
      <Filter>BLEND</Filter>
    </ClInclude>
    <ClInclude Include="C:\Users\Christian\Documents\Lund\Project\CG_Labs\assimp\code\code\BlenderModifier.h">
      <Filter>BLEND</Filter>
    </ClInclude>
    <ClInclude Include="C:\Users\Christian\Documents\Lund\Project\CG_Labs\assimp\code\code\BlenderBMesh.h">
      <Filter>BLEND</Filter>
    </ClInclude>
    <ClInclude Include="C:\Users\Christian\Documents\Lund\Project\CG_Labs\assimp\code\code\BlenderTessellator.h">
      <Filter>BLEND</Filter>
    </ClInclude>
    <ClInclude Include="C:\Users\Christian\Documents\Lund\Project\CG_Labs\assimp\code\code\IFCLoader.h">
      <Filter>IFC</Filter>
    </ClInclude>
    <ClInclude Include="C:\Users\Christian\Documents\Lund\Project\CG_Labs\assimp\code\code\IFCReaderGen.h">
      <Filter>IFC</Filter>
    </ClInclude>
    <ClInclude Include="C:\Users\Christian\Documents\Lund\Project\CG_Labs\assimp\code\code\IFCUtil.h">
      <Filter>IFC</Filter>
    </ClInclude>
    <ClInclude Include="C:\Users\Christian\Documents\Lund\Project\CG_Labs\assimp\code\code\STEPFile.h">
      <Filter>IFC</Filter>
    </ClInclude>
    <ClInclude Include="C:\Users\Christian\Documents\Lund\Project\CG_Labs\assimp\code\code\STEPFileReader.h">
      <Filter>IFC</Filter>
    </ClInclude>
    <ClInclude Include="C:\Users\Christian\Documents\Lund\Project\CG_Labs\assimp\code\code\STEPFileEncoding.h">
      <Filter>IFC</Filter>
    </ClInclude>
    <ClInclude Include="C:\Users\Christian\Documents\Lund\Project\CG_Labs\assimp\code\code\XGLLoader.h">
      <Filter>XGL</Filter>
    </ClInclude>
    <ClInclude Include="C:\Users\Christian\Documents\Lund\Project\CG_Labs\assimp\code\code\FBXCompileConfig.h">
      <Filter>FBX</Filter>
    </ClInclude>
    <ClInclude Include="C:\Users\Christian\Documents\Lund\Project\CG_Labs\assimp\code\code\FBXImporter.h">
      <Filter>FBX</Filter>
    </ClInclude>
    <ClInclude Include="C:\Users\Christian\Documents\Lund\Project\CG_Labs\assimp\code\code\FBXParser.h">
      <Filter>FBX</Filter>
    </ClInclude>
    <ClInclude Include="C:\Users\Christian\Documents\Lund\Project\CG_Labs\assimp\code\code\FBXTokenizer.h">
      <Filter>FBX</Filter>
    </ClInclude>
    <ClInclude Include="C:\Users\Christian\Documents\Lund\Project\CG_Labs\assimp\code\code\FBXImportSettings.h">
      <Filter>FBX</Filter>
    </ClInclude>
    <ClInclude Include="C:\Users\Christian\Documents\Lund\Project\CG_Labs\assimp\code\code\FBXConverter.h">
      <Filter>FBX</Filter>
    </ClInclude>
    <ClInclude Include="C:\Users\Christian\Documents\Lund\Project\CG_Labs\assimp\code\code\FBXUtil.h">
      <Filter>FBX</Filter>
    </ClInclude>
    <ClInclude Include="C:\Users\Christian\Documents\Lund\Project\CG_Labs\assimp\code\code\FBXDocument.h">
      <Filter>FBX</Filter>
    </ClInclude>
    <ClInclude Include="C:\Users\Christian\Documents\Lund\Project\CG_Labs\assimp\code\code\FBXProperties.h">
      <Filter>FBX</Filter>
    </ClInclude>
    <ClInclude Include="C:\Users\Christian\Documents\Lund\Project\CG_Labs\assimp\code\code\FBXMeshGeometry.h">
      <Filter>FBX</Filter>
    </ClInclude>
    <ClInclude Include="C:\Users\Christian\Documents\Lund\Project\CG_Labs\assimp\code\code\Q3DLoader.h">
      <Filter>Q3D</Filter>
    </ClInclude>
    <ClInclude Include="C:\Users\Christian\Documents\Lund\Project\CG_Labs\assimp\code\code\Q3BSPFileData.h">
      <Filter>Q3BSP</Filter>
    </ClInclude>
    <ClInclude Include="C:\Users\Christian\Documents\Lund\Project\CG_Labs\assimp\code\code\Q3BSPFileParser.h">
      <Filter>Q3BSP</Filter>
    </ClInclude>
    <ClInclude Include="C:\Users\Christian\Documents\Lund\Project\CG_Labs\assimp\code\code\Q3BSPFileImporter.h">
      <Filter>Q3BSP</Filter>
    </ClInclude>
    <ClInclude Include="C:\Users\Christian\Documents\Lund\Project\CG_Labs\assimp\code\code\Q3BSPZipArchive.h">
      <Filter>Q3BSP</Filter>
    </ClInclude>
    <ClInclude Include="C:\Users\Christian\Documents\Lund\Project\CG_Labs\assimp\code\code\RawLoader.h">
      <Filter>RAW</Filter>
    </ClInclude>
    <ClInclude Include="C:\Users\Christian\Documents\Lund\Project\CG_Labs\assimp\code\code\SIBImporter.h">
      <Filter>SIB</Filter>
    </ClInclude>
    <ClInclude Include="C:\Users\Christian\Documents\Lund\Project\CG_Labs\assimp\code\code\SMDLoader.h">
      <Filter>SMD</Filter>
    </ClInclude>
    <ClInclude Include="C:\Users\Christian\Documents\Lund\Project\CG_Labs\assimp\code\code\STLLoader.h">
      <Filter>STL</Filter>
    </ClInclude>
    <ClInclude Include="C:\Users\Christian\Documents\Lund\Project\CG_Labs\assimp\code\code\STLExporter.h">
      <Filter>STL</Filter>
    </ClInclude>
    <ClInclude Include="C:\Users\Christian\Documents\Lund\Project\CG_Labs\assimp\code\code\TerragenLoader.h">
      <Filter>TERRAGEN</Filter>
    </ClInclude>
    <ClInclude Include="C:\Users\Christian\Documents\Lund\Project\CG_Labs\assimp\code\code\UnrealLoader.h">
      <Filter>3D</Filter>
    </ClInclude>
    <ClInclude Include="C:\Users\Christian\Documents\Lund\Project\CG_Labs\assimp\code\code\XFileHelper.h">
      <Filter>X</Filter>
    </ClInclude>
    <ClInclude Include="C:\Users\Christian\Documents\Lund\Project\CG_Labs\assimp\code\code\XFileImporter.h">
      <Filter>X</Filter>
    </ClInclude>
    <ClInclude Include="C:\Users\Christian\Documents\Lund\Project\CG_Labs\assimp\code\code\XFileParser.h">
      <Filter>X</Filter>
    </ClInclude>
    <ClInclude Include="C:\Users\Christian\Documents\Lund\Project\CG_Labs\assimp\code\code\XFileExporter.h">
      <Filter>X</Filter>
    </ClInclude>
    <ClInclude Include="C:\Users\Christian\Documents\Lund\Project\CG_Labs\assimp\code\code\X3DExporter.hpp">
      <Filter>X3D</Filter>
    </ClInclude>
    <ClInclude Include="C:\Users\Christian\Documents\Lund\Project\CG_Labs\assimp\code\code\X3DImporter.hpp">
      <Filter>X3D</Filter>
    </ClInclude>
    <ClInclude Include="C:\Users\Christian\Documents\Lund\Project\CG_Labs\assimp\code\code\X3DImporter_Macro.hpp">
      <Filter>X3D</Filter>
    </ClInclude>
    <ClInclude Include="C:\Users\Christian\Documents\Lund\Project\CG_Labs\assimp\code\code\X3DImporter_Node.hpp">
      <Filter>X3D</Filter>
    </ClInclude>
    <ClInclude Include="C:\Users\Christian\Documents\Lund\Project\CG_Labs\assimp\code\code\FIReader.hpp">
      <Filter>X3D</Filter>
    </ClInclude>
    <ClInclude Include="C:\Users\Christian\Documents\Lund\Project\CG_Labs\assimp\code\code\glTFAsset.h">
      <Filter>GLTF</Filter>
    </ClInclude>
    <ClInclude Include="C:\Users\Christian\Documents\Lund\Project\CG_Labs\assimp\code\code\glTFAsset.inl">
      <Filter>GLTF</Filter>
    </ClInclude>
    <ClInclude Include="C:\Users\Christian\Documents\Lund\Project\CG_Labs\assimp\code\code\glTFAssetWriter.h">
      <Filter>GLTF</Filter>
    </ClInclude>
    <ClInclude Include="C:\Users\Christian\Documents\Lund\Project\CG_Labs\assimp\code\code\glTFAssetWriter.inl">
      <Filter>GLTF</Filter>
    </ClInclude>
    <ClInclude Include="C:\Users\Christian\Documents\Lund\Project\CG_Labs\assimp\code\code\glTFImporter.h">
      <Filter>GLTF</Filter>
    </ClInclude>
    <ClInclude Include="C:\Users\Christian\Documents\Lund\Project\CG_Labs\assimp\code\code\glTFExporter.h">
      <Filter>GLTF</Filter>
    </ClInclude>
    <ClInclude Include="C:\Users\Christian\Documents\Lund\Project\CG_Labs\assimp\code\code\D3MFImporter.h">
      <Filter>3MF</Filter>
    </ClInclude>
    <ClInclude Include="C:\Users\Christian\Documents\Lund\Project\CG_Labs\assimp\code\code\D3MFOpcPackage.h">
      <Filter>3MF</Filter>
    </ClInclude>
    <ClInclude Include="C:\Users\Christian\Documents\Lund\Project\CG_Labs\assimp\code\code\MMDCpp14.h">
      <Filter>MMD</Filter>
    </ClInclude>
    <ClInclude Include="C:\Users\Christian\Documents\Lund\Project\CG_Labs\assimp\code\code\MMDImporter.h">
      <Filter>MMD</Filter>
    </ClInclude>
    <ClInclude Include="C:\Users\Christian\Documents\Lund\Project\CG_Labs\assimp\code\code\MMDPmdParser.h">
      <Filter>MMD</Filter>
    </ClInclude>
    <ClInclude Include="C:\Users\Christian\Documents\Lund\Project\CG_Labs\assimp\code\code\MMDPmxParser.h">
      <Filter>MMD</Filter>
    </ClInclude>
    <ClInclude Include="C:\Users\Christian\Documents\Lund\Project\CG_Labs\assimp\code\code\MMDVmdParser.h">
      <Filter>MMD</Filter>
    </ClInclude>
    <ClInclude Include="C:\Users\Christian\Documents\Lund\Project\CG_Labs\assimp\code\code\irrXMLWrapper.h">
      <Filter>IrrXML</Filter>
    </ClInclude>
    <ClInclude Include="C:\Users\Christian\Documents\Lund\Project\CG_Labs\assimp\code\contrib\unzip\crypt.h">
      <Filter>unzip</Filter>
    </ClInclude>
    <ClInclude Include="C:\Users\Christian\Documents\Lund\Project\CG_Labs\assimp\code\contrib\unzip\ioapi.h">
      <Filter>unzip</Filter>
    </ClInclude>
    <ClInclude Include="C:\Users\Christian\Documents\Lund\Project\CG_Labs\assimp\code\contrib\unzip\unzip.h">
      <Filter>unzip</Filter>
    </ClInclude>
    <ClInclude Include="C:\Users\Christian\Documents\Lund\Project\CG_Labs\assimp\code\contrib\poly2tri\poly2tri\common\shapes.h">
      <Filter>Poly2Tri</Filter>
    </ClInclude>
    <ClInclude Include="C:\Users\Christian\Documents\Lund\Project\CG_Labs\assimp\code\contrib\poly2tri\poly2tri\common\utils.h">
      <Filter>Poly2Tri</Filter>
    </ClInclude>
    <ClInclude Include="C:\Users\Christian\Documents\Lund\Project\CG_Labs\assimp\code\contrib\poly2tri\poly2tri\sweep\advancing_front.h">
      <Filter>Poly2Tri</Filter>
    </ClInclude>
    <ClInclude Include="C:\Users\Christian\Documents\Lund\Project\CG_Labs\assimp\code\contrib\poly2tri\poly2tri\sweep\cdt.h">
      <Filter>Poly2Tri</Filter>
    </ClInclude>
    <ClInclude Include="C:\Users\Christian\Documents\Lund\Project\CG_Labs\assimp\code\contrib\poly2tri\poly2tri\sweep\sweep.h">
      <Filter>Poly2Tri</Filter>
    </ClInclude>
    <ClInclude Include="C:\Users\Christian\Documents\Lund\Project\CG_Labs\assimp\code\contrib\poly2tri\poly2tri\sweep\sweep_context.h">
      <Filter>Poly2Tri</Filter>
    </ClInclude>
    <ClInclude Include="C:\Users\Christian\Documents\Lund\Project\CG_Labs\assimp\code\contrib\clipper\clipper.hpp">
      <Filter>Clipper</Filter>
    </ClInclude>
    <ClInclude Include="C:\Users\Christian\Documents\Lund\Project\CG_Labs\assimp\code\contrib\openddlparser\include\openddlparser\OpenDDLParser.h">
      <Filter>openddl_parser</Filter>
    </ClInclude>
    <ClInclude Include="C:\Users\Christian\Documents\Lund\Project\CG_Labs\assimp\code\contrib\openddlparser\include\openddlparser\OpenDDLParserUtils.h">
      <Filter>openddl_parser</Filter>
    </ClInclude>
    <ClInclude Include="C:\Users\Christian\Documents\Lund\Project\CG_Labs\assimp\code\contrib\openddlparser\include\openddlparser\OpenDDLCommon.h">
      <Filter>openddl_parser</Filter>
    </ClInclude>
    <ClInclude Include="C:\Users\Christian\Documents\Lund\Project\CG_Labs\assimp\code\contrib\openddlparser\include\openddlparser\OpenDDLExport.h">
      <Filter>openddl_parser</Filter>
    </ClInclude>
    <ClInclude Include="C:\Users\Christian\Documents\Lund\Project\CG_Labs\assimp\code\contrib\openddlparser\include\openddlparser\OpenDDLStream.h">
      <Filter>openddl_parser</Filter>
    </ClInclude>
    <ClInclude Include="C:\Users\Christian\Documents\Lund\Project\CG_Labs\assimp\code\contrib\openddlparser\include\openddlparser\DDLNode.h">
      <Filter>openddl_parser</Filter>
    </ClInclude>
    <ClInclude Include="C:\Users\Christian\Documents\Lund\Project\CG_Labs\assimp\code\contrib\openddlparser\include\openddlparser\Value.h">
      <Filter>openddl_parser</Filter>
    </ClInclude>
    <ClInclude Include="C:\Users\Christian\Documents\Lund\Project\CG_Labs\assimp\code\contrib\Open3DGC\o3dgcAdjacencyInfo.h">
      <Filter>open3dgc</Filter>
    </ClInclude>
    <ClInclude Include="C:\Users\Christian\Documents\Lund\Project\CG_Labs\assimp\code\contrib\Open3DGC\o3dgcArithmeticCodec.h">
      <Filter>open3dgc</Filter>
    </ClInclude>
    <ClInclude Include="C:\Users\Christian\Documents\Lund\Project\CG_Labs\assimp\code\contrib\Open3DGC\o3dgcBinaryStream.h">
      <Filter>open3dgc</Filter>
    </ClInclude>
    <ClInclude Include="C:\Users\Christian\Documents\Lund\Project\CG_Labs\assimp\code\contrib\Open3DGC\o3dgcCommon.h">
      <Filter>open3dgc</Filter>
    </ClInclude>
    <ClInclude Include="C:\Users\Christian\Documents\Lund\Project\CG_Labs\assimp\code\contrib\Open3DGC\o3dgcDVEncodeParams.h">
      <Filter>open3dgc</Filter>
    </ClInclude>
    <ClInclude Include="C:\Users\Christian\Documents\Lund\Project\CG_Labs\assimp\code\contrib\Open3DGC\o3dgcDynamicVectorDecoder.h">
      <Filter>open3dgc</Filter>
    </ClInclude>
    <ClInclude Include="C:\Users\Christian\Documents\Lund\Project\CG_Labs\assimp\code\contrib\Open3DGC\o3dgcDynamicVectorEncoder.h">
      <Filter>open3dgc</Filter>
    </ClInclude>
    <ClInclude Include="C:\Users\Christian\Documents\Lund\Project\CG_Labs\assimp\code\contrib\Open3DGC\o3dgcDynamicVector.h">
      <Filter>open3dgc</Filter>
    </ClInclude>
    <ClInclude Include="C:\Users\Christian\Documents\Lund\Project\CG_Labs\assimp\code\contrib\Open3DGC\o3dgcFIFO.h">
      <Filter>open3dgc</Filter>
    </ClInclude>
    <ClInclude Include="C:\Users\Christian\Documents\Lund\Project\CG_Labs\assimp\code\contrib\Open3DGC\o3dgcIndexedFaceSet.h">
      <Filter>open3dgc</Filter>
    </ClInclude>
    <ClInclude Include="C:\Users\Christian\Documents\Lund\Project\CG_Labs\assimp\code\contrib\Open3DGC\o3dgcIndexedFaceSet.inl">
      <Filter>open3dgc</Filter>
    </ClInclude>
    <ClInclude Include="C:\Users\Christian\Documents\Lund\Project\CG_Labs\assimp\code\contrib\Open3DGC\o3dgcSC3DMCDecoder.h">
      <Filter>open3dgc</Filter>
    </ClInclude>
    <ClInclude Include="C:\Users\Christian\Documents\Lund\Project\CG_Labs\assimp\code\contrib\Open3DGC\o3dgcSC3DMCDecoder.inl">
      <Filter>open3dgc</Filter>
    </ClInclude>
    <ClInclude Include="C:\Users\Christian\Documents\Lund\Project\CG_Labs\assimp\code\contrib\Open3DGC\o3dgcSC3DMCEncodeParams.h">
      <Filter>open3dgc</Filter>
    </ClInclude>
    <ClInclude Include="C:\Users\Christian\Documents\Lund\Project\CG_Labs\assimp\code\contrib\Open3DGC\o3dgcSC3DMCEncoder.h">
      <Filter>open3dgc</Filter>
    </ClInclude>
    <ClInclude Include="C:\Users\Christian\Documents\Lund\Project\CG_Labs\assimp\code\contrib\Open3DGC\o3dgcSC3DMCEncoder.inl">
      <Filter>open3dgc</Filter>
    </ClInclude>
    <ClInclude Include="C:\Users\Christian\Documents\Lund\Project\CG_Labs\assimp\code\contrib\Open3DGC\o3dgcTimer.h">
      <Filter>open3dgc</Filter>
    </ClInclude>
    <ClInclude Include="C:\Users\Christian\Documents\Lund\Project\CG_Labs\assimp\code\contrib\Open3DGC\o3dgcTriangleFans.h">
      <Filter>open3dgc</Filter>
    </ClInclude>
    <ClInclude Include="C:\Users\Christian\Documents\Lund\Project\CG_Labs\assimp\code\contrib\Open3DGC\o3dgcTriangleListDecoder.h">
      <Filter>open3dgc</Filter>
    </ClInclude>
    <ClInclude Include="C:\Users\Christian\Documents\Lund\Project\CG_Labs\assimp\code\contrib\Open3DGC\o3dgcTriangleListDecoder.inl">
      <Filter>open3dgc</Filter>
    </ClInclude>
    <ClInclude Include="C:\Users\Christian\Documents\Lund\Project\CG_Labs\assimp\code\contrib\Open3DGC\o3dgcTriangleListEncoder.h">
      <Filter>open3dgc</Filter>
    </ClInclude>
    <ClInclude Include="C:\Users\Christian\Documents\Lund\Project\CG_Labs\assimp\code\contrib\Open3DGC\o3dgcTriangleListEncoder.inl">
      <Filter>open3dgc</Filter>
    </ClInclude>
    <ClInclude Include="C:\Users\Christian\Documents\Lund\Project\CG_Labs\assimp\code\contrib\Open3DGC\o3dgcVector.h">
      <Filter>open3dgc</Filter>
    </ClInclude>
    <ClInclude Include="C:\Users\Christian\Documents\Lund\Project\CG_Labs\assimp\code\contrib\Open3DGC\o3dgcVector.inl">
      <Filter>open3dgc</Filter>
    </ClInclude>
    <ClInclude Include="C:\Users\Christian\Documents\Lund\Project\CG_Labs\assimp\code\include\assimp\anim.h">
      <Filter>Header Files</Filter>
    </ClInclude>
    <ClInclude Include="C:\Users\Christian\Documents\Lund\Project\CG_Labs\assimp\code\include\assimp\ai_assert.h">
      <Filter>Header Files</Filter>
    </ClInclude>
    <ClInclude Include="C:\Users\Christian\Documents\Lund\Project\CG_Labs\assimp\code\include\assimp\camera.h">
      <Filter>Header Files</Filter>
    </ClInclude>
    <ClInclude Include="C:\Users\Christian\Documents\Lund\Project\CG_Labs\assimp\code\include\assimp\color4.h">
      <Filter>Header Files</Filter>
    </ClInclude>
    <ClInclude Include="C:\Users\Christian\Documents\Lund\Project\CG_Labs\assimp\code\include\assimp\color4.inl">
      <Filter>Header Files</Filter>
    </ClInclude>
    <ClInclude Include="C:\Users\Christian\Documents\Lund\Project\CG_Labs\assimp\binary\include\assimp\config.h">
      <Filter>Header Files</Filter>
    </ClInclude>
    <ClInclude Include="C:\Users\Christian\Documents\Lund\Project\CG_Labs\assimp\code\include\assimp\defs.h">
      <Filter>Header Files</Filter>
    </ClInclude>
    <ClInclude Include="C:\Users\Christian\Documents\Lund\Project\CG_Labs\assimp\code\include\assimp\cfileio.h">
      <Filter>Header Files</Filter>
    </ClInclude>
    <ClInclude Include="C:\Users\Christian\Documents\Lund\Project\CG_Labs\assimp\code\include\assimp\light.h">
      <Filter>Header Files</Filter>
    </ClInclude>
    <ClInclude Include="C:\Users\Christian\Documents\Lund\Project\CG_Labs\assimp\code\include\assimp\material.h">
      <Filter>Header Files</Filter>
    </ClInclude>
    <ClInclude Include="C:\Users\Christian\Documents\Lund\Project\CG_Labs\assimp\code\include\assimp\material.inl">
      <Filter>Header Files</Filter>
    </ClInclude>
    <ClInclude Include="C:\Users\Christian\Documents\Lund\Project\CG_Labs\assimp\code\include\assimp\matrix3x3.h">
      <Filter>Header Files</Filter>
    </ClInclude>
    <ClInclude Include="C:\Users\Christian\Documents\Lund\Project\CG_Labs\assimp\code\include\assimp\matrix3x3.inl">
      <Filter>Header Files</Filter>
    </ClInclude>
    <ClInclude Include="C:\Users\Christian\Documents\Lund\Project\CG_Labs\assimp\code\include\assimp\matrix4x4.h">
      <Filter>Header Files</Filter>
    </ClInclude>
    <ClInclude Include="C:\Users\Christian\Documents\Lund\Project\CG_Labs\assimp\code\include\assimp\matrix4x4.inl">
      <Filter>Header Files</Filter>
    </ClInclude>
    <ClInclude Include="C:\Users\Christian\Documents\Lund\Project\CG_Labs\assimp\code\include\assimp\mesh.h">
      <Filter>Header Files</Filter>
    </ClInclude>
    <ClInclude Include="C:\Users\Christian\Documents\Lund\Project\CG_Labs\assimp\code\include\assimp\postprocess.h">
      <Filter>Header Files</Filter>
    </ClInclude>
    <ClInclude Include="C:\Users\Christian\Documents\Lund\Project\CG_Labs\assimp\code\include\assimp\quaternion.h">
      <Filter>Header Files</Filter>
    </ClInclude>
    <ClInclude Include="C:\Users\Christian\Documents\Lund\Project\CG_Labs\assimp\code\include\assimp\quaternion.inl">
      <Filter>Header Files</Filter>
    </ClInclude>
    <ClInclude Include="C:\Users\Christian\Documents\Lund\Project\CG_Labs\assimp\code\include\assimp\scene.h">
      <Filter>Header Files</Filter>
    </ClInclude>
    <ClInclude Include="C:\Users\Christian\Documents\Lund\Project\CG_Labs\assimp\code\include\assimp\metadata.h">
      <Filter>Header Files</Filter>
    </ClInclude>
    <ClInclude Include="C:\Users\Christian\Documents\Lund\Project\CG_Labs\assimp\code\include\assimp\texture.h">
      <Filter>Header Files</Filter>
    </ClInclude>
    <ClInclude Include="C:\Users\Christian\Documents\Lund\Project\CG_Labs\assimp\code\include\assimp\types.h">
      <Filter>Header Files</Filter>
    </ClInclude>
    <ClInclude Include="C:\Users\Christian\Documents\Lund\Project\CG_Labs\assimp\code\include\assimp\vector2.h">
      <Filter>Header Files</Filter>
    </ClInclude>
    <ClInclude Include="C:\Users\Christian\Documents\Lund\Project\CG_Labs\assimp\code\include\assimp\vector2.inl">
      <Filter>Header Files</Filter>
    </ClInclude>
    <ClInclude Include="C:\Users\Christian\Documents\Lund\Project\CG_Labs\assimp\code\include\assimp\vector3.h">
      <Filter>Header Files</Filter>
    </ClInclude>
    <ClInclude Include="C:\Users\Christian\Documents\Lund\Project\CG_Labs\assimp\code\include\assimp\vector3.inl">
      <Filter>Header Files</Filter>
    </ClInclude>
    <ClInclude Include="C:\Users\Christian\Documents\Lund\Project\CG_Labs\assimp\code\include\assimp\version.h">
      <Filter>Header Files</Filter>
    </ClInclude>
    <ClInclude Include="C:\Users\Christian\Documents\Lund\Project\CG_Labs\assimp\code\include\assimp\cimport.h">
      <Filter>Header Files</Filter>
    </ClInclude>
    <ClInclude Include="C:\Users\Christian\Documents\Lund\Project\CG_Labs\assimp\code\include\assimp\importerdesc.h">
      <Filter>Header Files</Filter>
    </ClInclude>
    <ClInclude Include="C:\Users\Christian\Documents\Lund\Project\CG_Labs\assimp\code\include\assimp\Importer.hpp">
      <Filter>Header Files</Filter>
    </ClInclude>
    <ClInclude Include="C:\Users\Christian\Documents\Lund\Project\CG_Labs\assimp\code\include\assimp\ProgressHandler.hpp">
      <Filter>Header Files</Filter>
    </ClInclude>
    <ClInclude Include="C:\Users\Christian\Documents\Lund\Project\CG_Labs\assimp\code\include\assimp\IOStream.hpp">
      <Filter>Header Files</Filter>
    </ClInclude>
    <ClInclude Include="C:\Users\Christian\Documents\Lund\Project\CG_Labs\assimp\code\include\assimp\IOSystem.hpp">
      <Filter>Header Files</Filter>
    </ClInclude>
    <ClInclude Include="C:\Users\Christian\Documents\Lund\Project\CG_Labs\assimp\code\include\assimp\cexport.h">
      <Filter>Header Files</Filter>
    </ClInclude>
    <ClInclude Include="C:\Users\Christian\Documents\Lund\Project\CG_Labs\assimp\code\include\assimp\Exporter.hpp">
      <Filter>Header Files</Filter>
    </ClInclude>
    <ClInclude Include="C:\Users\Christian\Documents\Lund\Project\CG_Labs\assimp\code\include\assimp\DefaultIOStream.h">
      <Filter>Header Files</Filter>
    </ClInclude>
    <ClInclude Include="C:\Users\Christian\Documents\Lund\Project\CG_Labs\assimp\code\include\assimp\DefaultIOSystem.h">
      <Filter>Header Files</Filter>
    </ClInclude>
    <ClInclude Include="C:\Users\Christian\Documents\Lund\Project\CG_Labs\assimp\code\include\assimp\SceneCombiner.h">
      <Filter>Header Files</Filter>
    </ClInclude>
    <ClInclude Include="C:\Users\Christian\Documents\Lund\Project\CG_Labs\assimp\code\include\assimp\Compiler\pushpack1.h">
      <Filter>Compiler</Filter>
    </ClInclude>
    <ClInclude Include="C:\Users\Christian\Documents\Lund\Project\CG_Labs\assimp\code\include\assimp\Compiler\poppack1.h">
      <Filter>Compiler</Filter>
    </ClInclude>
    <ClInclude Include="C:\Users\Christian\Documents\Lund\Project\CG_Labs\assimp\code\include\assimp\Compiler\pstdint.h">
      <Filter>Compiler</Filter>
    </ClInclude>
  </ItemGroup>
  <ItemGroup>
    <CustomBuild Include="C:\Users\Christian\Documents\Lund\Project\CG_Labs\assimp\code\code\CMakeLists.txt" />
  </ItemGroup>
  <ItemGroup>
    <Filter Include="Source Files">
      <UniqueIdentifier>{EFA7224D-FA08-3FEB-81DC-CC57125B2959}</UniqueIdentifier>
    </Filter>
    <Filter Include="Header Files">
      <UniqueIdentifier>{67460E01-8ED0-39D9-A97B-B23A165B783C}</UniqueIdentifier>
    </Filter>
    <Filter Include="Compiler">
      <UniqueIdentifier>{CC80B015-BCDD-3746-9AB8-738890A2C897}</UniqueIdentifier>
    </Filter>
    <Filter Include="Logging">
      <UniqueIdentifier>{82A70ACC-99EE-3127-A284-F99A13007B30}</UniqueIdentifier>
    </Filter>
    <Filter Include="Common">
      <UniqueIdentifier>{611B6B69-F9BD-3185-A46F-94E0DCA2DE27}</UniqueIdentifier>
    </Filter>
    <Filter Include="AMF">
      <UniqueIdentifier>{151E38ED-78C3-3E4C-B7EF-B2661E779CAC}</UniqueIdentifier>
    </Filter>
    <Filter Include="3DS">
      <UniqueIdentifier>{A954E212-D4A2-3A9E-B927-6C9D72A4FD26}</UniqueIdentifier>
    </Filter>
    <Filter Include="AC">
      <UniqueIdentifier>{C7A1B0B2-B8C7-34A4-B4F0-DC33F279F631}</UniqueIdentifier>
    </Filter>
    <Filter Include="ASE">
      <UniqueIdentifier>{D843EB2F-5DC9-3F0D-909A-CDF0F2A926F3}</UniqueIdentifier>
    </Filter>
    <Filter Include="ASSBIN">
      <UniqueIdentifier>{82564BBD-B8F4-3BE6-9FF3-FC46BC6FAA06}</UniqueIdentifier>
    </Filter>
    <Filter Include="ASSXML">
      <UniqueIdentifier>{700CAB02-1D8F-3645-B7C5-FD2976D73813}</UniqueIdentifier>
    </Filter>
    <Filter Include="B3D">
      <UniqueIdentifier>{6877F4D7-BB06-36EF-98A1-432A49F05838}</UniqueIdentifier>
    </Filter>
    <Filter Include="BVH">
      <UniqueIdentifier>{161B661F-8BD7-3FE9-A2A7-352ABC90FB81}</UniqueIdentifier>
    </Filter>
    <Filter Include="COLLADA">
      <UniqueIdentifier>{8DEF50D8-F088-3102-9141-2421F1680E1C}</UniqueIdentifier>
    </Filter>
    <Filter Include="DXF">
      <UniqueIdentifier>{0009BC7D-23E3-3723-98E0-76343AAE4EEB}</UniqueIdentifier>
    </Filter>
    <Filter Include="CSM">
      <UniqueIdentifier>{9239F706-38AB-37D4-98C2-B4B9A3DE9C7F}</UniqueIdentifier>
    </Filter>
    <Filter Include="HMP">
      <UniqueIdentifier>{00331DE8-6C2F-3DFE-8138-F5AC95FDF882}</UniqueIdentifier>
    </Filter>
    <Filter Include="IRRMESH">
      <UniqueIdentifier>{80B92E5D-3CC7-3FCA-BA24-E4FDF201B736}</UniqueIdentifier>
    </Filter>
    <Filter Include="IRR">
      <UniqueIdentifier>{4A4515F8-853C-34F9-A30B-E2C60F746147}</UniqueIdentifier>
    </Filter>
    <Filter Include="LWO">
      <UniqueIdentifier>{DA8B4985-2A8F-3D09-A6FB-54F5C0FA38DC}</UniqueIdentifier>
    </Filter>
    <Filter Include="LWS">
      <UniqueIdentifier>{34624DA8-14BF-395A-B1BC-B2EC1CA24E86}</UniqueIdentifier>
    </Filter>
    <Filter Include="MD2">
      <UniqueIdentifier>{856802EA-877E-36A0-8D81-C6E3C7E69408}</UniqueIdentifier>
    </Filter>
    <Filter Include="MD3">
      <UniqueIdentifier>{EB6217B4-933B-3241-9B90-AD70A360429B}</UniqueIdentifier>
    </Filter>
    <Filter Include="MD5">
      <UniqueIdentifier>{4992B304-8F09-3022-96CB-B3A636D12C6D}</UniqueIdentifier>
    </Filter>
    <Filter Include="MDC">
      <UniqueIdentifier>{FC026C30-AADD-3B20-9042-A536DEC39B9E}</UniqueIdentifier>
    </Filter>
    <Filter Include="MDL">
      <UniqueIdentifier>{773E8E92-7CB7-3F32-AEB2-00A97932BA71}</UniqueIdentifier>
    </Filter>
    <Filter Include="MaterialSystem">
      <UniqueIdentifier>{3CB44B69-9D25-34D3-9692-2E19D4D2C1E5}</UniqueIdentifier>
    </Filter>
    <Filter Include="NFF">
      <UniqueIdentifier>{F7857BAA-F7D4-3448-AE68-F8DB1BE19892}</UniqueIdentifier>
    </Filter>
    <Filter Include="NDO">
      <UniqueIdentifier>{FE645469-1BE0-324F-9ABE-FE03E4E16919}</UniqueIdentifier>
    </Filter>
    <Filter Include="OFF">
      <UniqueIdentifier>{53C01FC9-0196-3B48-8EB4-F6B33436D69B}</UniqueIdentifier>
    </Filter>
    <Filter Include="OBJ">
      <UniqueIdentifier>{7BF0A98D-94B0-3606-AB30-42E3DB861921}</UniqueIdentifier>
    </Filter>
    <Filter Include="OGRE">
      <UniqueIdentifier>{3EB3C315-5419-3C85-9B6D-4399D272CCF0}</UniqueIdentifier>
    </Filter>
    <Filter Include="OPENGEX">
      <UniqueIdentifier>{8576973B-A854-3EF9-A002-94578EDDBA78}</UniqueIdentifier>
    </Filter>
    <Filter Include="PLY">
      <UniqueIdentifier>{6F02361B-C05F-3679-9BC6-FEA0C9B53463}</UniqueIdentifier>
    </Filter>
    <Filter Include="MS3D">
      <UniqueIdentifier>{2E4C211B-961C-391C-A8F7-C64AD151483A}</UniqueIdentifier>
    </Filter>
    <Filter Include="COB">
      <UniqueIdentifier>{DCCC051E-B0E7-3D25-ABFE-046318A5D012}</UniqueIdentifier>
    </Filter>
    <Filter Include="BLEND">
      <UniqueIdentifier>{DA3723A0-70EB-3B61-92ED-6E15EE461DA7}</UniqueIdentifier>
    </Filter>
    <Filter Include="IFC">
      <UniqueIdentifier>{FE5A81E4-8DB1-36E2-9272-1F0A95AB429E}</UniqueIdentifier>
    </Filter>
    <Filter Include="XGL">
      <UniqueIdentifier>{8BD774F2-B4D6-3D0F-982F-3F5361287787}</UniqueIdentifier>
    </Filter>
    <Filter Include="FBX">
      <UniqueIdentifier>{AF9C5168-93B9-3D29-9909-7BDFD26BC34A}</UniqueIdentifier>
    </Filter>
    <Filter Include="PostProcessing">
      <UniqueIdentifier>{39D3848E-6431-35FD-AAE6-A154FA78EB00}</UniqueIdentifier>
    </Filter>
    <Filter Include="IrrXML">
      <UniqueIdentifier>{EDE06B3C-204A-37D9-BCA2-E8C188CBF9DE}</UniqueIdentifier>
    </Filter>
    <Filter Include="Q3D">
      <UniqueIdentifier>{6899685C-C2C2-36ED-B545-BA546796CAD1}</UniqueIdentifier>
    </Filter>
    <Filter Include="Q3BSP">
      <UniqueIdentifier>{EF8752F5-06C9-3435-9F20-1F072B98CE87}</UniqueIdentifier>
    </Filter>
    <Filter Include="RAW">
      <UniqueIdentifier>{502D5E2C-03B8-3B35-8DFC-246044F252D3}</UniqueIdentifier>
    </Filter>
    <Filter Include="SIB">
      <UniqueIdentifier>{ACD2AAA8-4CE0-308F-A331-CD3944EFF3E6}</UniqueIdentifier>
    </Filter>
    <Filter Include="SMD">
      <UniqueIdentifier>{66206DB4-0CD6-32CC-9C41-2AD81C05FC8A}</UniqueIdentifier>
    </Filter>
    <Filter Include="STL">
      <UniqueIdentifier>{6BEC3485-409E-3101-B026-C0CA9E529485}</UniqueIdentifier>
    </Filter>
    <Filter Include="TERRAGEN">
      <UniqueIdentifier>{69C4943A-BDE9-3C1B-854F-7733969B2D02}</UniqueIdentifier>
    </Filter>
    <Filter Include="3D">
      <UniqueIdentifier>{22B91E49-BA9B-3AD1-9E8F-CE7D8EC9BA03}</UniqueIdentifier>
    </Filter>
    <Filter Include="X">
      <UniqueIdentifier>{E491E6B1-6FD4-35F8-9CF8-6E22AD3A4BAD}</UniqueIdentifier>
    </Filter>
    <Filter Include="X3D">
      <UniqueIdentifier>{F4D6D03F-6DE2-37C5-87E5-62786E406008}</UniqueIdentifier>
    </Filter>
    <Filter Include="GLTF">
      <UniqueIdentifier>{E6538989-9028-373B-872C-5C4AF75BE191}</UniqueIdentifier>
    </Filter>
    <Filter Include="3MF">
      <UniqueIdentifier>{8FB3752E-6F20-3A58-899B-2655042BE1E0}</UniqueIdentifier>
    </Filter>
    <Filter Include="MMD">
      <UniqueIdentifier>{8B1BD5D4-C9C9-3E77-99F7-B0A629B9C171}</UniqueIdentifier>
    </Filter>
    <Filter Include="Step">
      <UniqueIdentifier>{1E1C2F04-2DA6-3188-A7F4-B37C91583BC8}</UniqueIdentifier>
    </Filter>
    <Filter Include="Exporter">
      <UniqueIdentifier>{0EF677DD-B624-3B4D-B9B2-7AF5F4B168C0}</UniqueIdentifier>
    </Filter>
    <Filter Include="Clipper">
      <UniqueIdentifier>{15A46E0C-4FC9-3E01-A125-7DE707124F7F}</UniqueIdentifier>
    </Filter>
    <Filter Include="Poly2Tri">
      <UniqueIdentifier>{40C3165E-D689-30D2-9085-2D9D2E8EFFE0}</UniqueIdentifier>
    </Filter>
    <Filter Include="unzip">
      <UniqueIdentifier>{2E76382C-FDE4-35F6-835E-F14F0846737E}</UniqueIdentifier>
    </Filter>
    <Filter Include="openddl_parser">
      <UniqueIdentifier>{B8F44D21-9DB6-3E68-AE3D-AC37D944BF28}</UniqueIdentifier>
    </Filter>
    <Filter Include="open3dgc">
      <UniqueIdentifier>{1E4D39BB-DE8B-36BA-8B0F-4BE1E2452BB1}</UniqueIdentifier>
    </Filter>
  </ItemGroup>
</Project>
