Microsoft Visual Studio Solution File, Format Version 12.00
# Visual Studio 15
Project("{2150E333-8FDC-42A3-9474-1A3956D46DE8}") = "CMakePredefinedTargets", "CMakePredefinedTargets", "{CBD0E8BF-FF40-30F4-A46F-029ECB232F19}"
EndProject
Project("{8BC9CEB8-8B4A-11D0-8D11-00A0C91BC942}") = "ALL_BUILD", "ALL_BUILD.vcxproj", "{90618F3E-F66E-352A-8578-9DFD89F0C924}"
	ProjectSection(ProjectDependencies) = postProject
		{E2042975-C676-3782-A11D-0305A84B6925} = {E2042975-C676-3782-A11D-0305A84B6925}
		{156BC794-8044-3C1B-9234-23848A0ABF6B} = {156BC794-8044-3C1B-9234-23848A0ABF6B}
		{A40FBB62-20E5-3614-852F-16975461117A} = {A40FBB62-20E5-3614-852F-16975461117A}
		{E15895A1-2014-3D9C-B466-00DE73DCA683} = {E15895A1-2014-3D9C-B466-00DE73DCA683}
	EndProjectSection
EndProject
Project("{8BC9CEB8-8B4A-11D0-8D11-00A0C91BC942}") = "INSTALL", "INSTALL.vcxproj", "{A1A69850-B824-3750-B384-F0C9A8E99095}"
	ProjectSection(ProjectDependencies) = postProject
		{90618F3E-F66E-352A-8578-9DFD89F0C924} = {90618F3E-F66E-352A-8578-9DFD89F0C924}
		{156BC794-8044-3C1B-9234-23848A0ABF6B} = {156BC794-8044-3C1B-9234-23848A0ABF6B}
	EndProjectSection
EndProject
Project("{8BC9CEB8-8B4A-11D0-8D11-00A0C91BC942}") = "IrrXML", "contrib\irrXML\IrrXML.vcxproj", "{E2042975-C676-3782-A11D-0305A84B6925}"
	ProjectSection(ProjectDependencies) = postProject
		{156BC794-8044-3C1B-9234-23848A0ABF6B} = {156BC794-8044-3C1B-9234-23848A0ABF6B}
	EndProjectSection
EndProject
Project("{8BC9CEB8-8B4A-11D0-8D11-00A0C91BC942}") = "UpdateAssimpLibsDebugSymbolsAndDLLs", "UpdateAssimpLibsDebugSymbolsAndDLLs.vcxproj", "{9E5A0DF0-4132-3564-A33F-A5B842827781}"
	ProjectSection(ProjectDependencies) = postProject
		{156BC794-8044-3C1B-9234-23848A0ABF6B} = {156BC794-8044-3C1B-9234-23848A0ABF6B}
	EndProjectSection
EndProject
Project("{8BC9CEB8-8B4A-11D0-8D11-00A0C91BC942}") = "ZERO_CHECK", "..\..\\ZERO_CHECK.vcxproj", "{156BC794-8044-3C1B-9234-23848A0ABF6B}"
	ProjectSection(ProjectDependencies) = postProject
	EndProjectSection
EndProject
Project("{8BC9CEB8-8B4A-11D0-8D11-00A0C91BC942}") = "assimp", "code\assimp.vcxproj", "{A40FBB62-20E5-3614-852F-16975461117A}"
	ProjectSection(ProjectDependencies) = postProject
		{E2042975-C676-3782-A11D-0305A84B6925} = {E2042975-C676-3782-A11D-0305A84B6925}
		{156BC794-8044-3C1B-9234-23848A0ABF6B} = {156BC794-8044-3C1B-9234-23848A0ABF6B}
		{E15895A1-2014-3D9C-B466-00DE73DCA683} = {E15895A1-2014-3D9C-B466-00DE73DCA683}
	EndProjectSection
EndProject
Project("{8BC9CEB8-8B4A-11D0-8D11-00A0C91BC942}") = "uninstall", "uninstall.vcxproj", "{BB9BF146-741E-37D7-9FE0-F9A85226A109}"
	ProjectSection(ProjectDependencies) = postProject
		{156BC794-8044-3C1B-9234-23848A0ABF6B} = {156BC794-8044-3C1B-9234-23848A0ABF6B}
	EndProjectSection
EndProject
Project("{8BC9CEB8-8B4A-11D0-8D11-00A0C91BC942}") = "zlibstatic", "contrib\zlib\zlibstatic.vcxproj", "{E15895A1-2014-3D9C-B466-00DE73DCA683}"
	ProjectSection(ProjectDependencies) = postProject
		{156BC794-8044-3C1B-9234-23848A0ABF6B} = {156BC794-8044-3C1B-9234-23848A0ABF6B}
	EndProjectSection
EndProject
Global
	GlobalSection(SolutionConfigurationPlatforms) = preSolution
		Debug|Win32 = Debug|Win32
		Release|Win32 = Release|Win32
		RelWithDebInfo|Win32 = RelWithDebInfo|Win32
	EndGlobalSection
	GlobalSection(ProjectConfigurationPlatforms) = postSolution
		{90618F3E-F66E-352A-8578-9DFD89F0C924}.Debug|Win32.ActiveCfg = Debug|Win32
		{90618F3E-F66E-352A-8578-9DFD89F0C924}.Debug|Win32.Build.0 = Debug|Win32
		{90618F3E-F66E-352A-8578-9DFD89F0C924}.Release|Win32.ActiveCfg = Release|Win32
		{90618F3E-F66E-352A-8578-9DFD89F0C924}.Release|Win32.Build.0 = Release|Win32
		{90618F3E-F66E-352A-8578-9DFD89F0C924}.RelWithDebInfo|Win32.ActiveCfg = RelWithDebInfo|Win32
		{90618F3E-F66E-352A-8578-9DFD89F0C924}.RelWithDebInfo|Win32.Build.0 = RelWithDebInfo|Win32
		{A1A69850-B824-3750-B384-F0C9A8E99095}.Debug|Win32.ActiveCfg = Debug|Win32
		{A1A69850-B824-3750-B384-F0C9A8E99095}.Release|Win32.ActiveCfg = Release|Win32
		{A1A69850-B824-3750-B384-F0C9A8E99095}.RelWithDebInfo|Win32.ActiveCfg = RelWithDebInfo|Win32
		{E2042975-C676-3782-A11D-0305A84B6925}.Debug|Win32.ActiveCfg = Debug|Win32
		{E2042975-C676-3782-A11D-0305A84B6925}.Debug|Win32.Build.0 = Debug|Win32
		{E2042975-C676-3782-A11D-0305A84B6925}.Release|Win32.ActiveCfg = Release|Win32
		{E2042975-C676-3782-A11D-0305A84B6925}.Release|Win32.Build.0 = Release|Win32
		{E2042975-C676-3782-A11D-0305A84B6925}.RelWithDebInfo|Win32.ActiveCfg = RelWithDebInfo|Win32
		{E2042975-C676-3782-A11D-0305A84B6925}.RelWithDebInfo|Win32.Build.0 = RelWithDebInfo|Win32
		{9E5A0DF0-4132-3564-A33F-A5B842827781}.Debug|Win32.ActiveCfg = Debug|Win32
		{9E5A0DF0-4132-3564-A33F-A5B842827781}.Release|Win32.ActiveCfg = Release|Win32
		{9E5A0DF0-4132-3564-A33F-A5B842827781}.RelWithDebInfo|Win32.ActiveCfg = RelWithDebInfo|Win32
		{156BC794-8044-3C1B-9234-23848A0ABF6B}.Debug|Win32.ActiveCfg = Debug|Win32
		{156BC794-8044-3C1B-9234-23848A0ABF6B}.Debug|Win32.Build.0 = Debug|Win32
		{156BC794-8044-3C1B-9234-23848A0ABF6B}.Release|Win32.ActiveCfg = Release|Win32
		{156BC794-8044-3C1B-9234-23848A0ABF6B}.Release|Win32.Build.0 = Release|Win32
		{156BC794-8044-3C1B-9234-23848A0ABF6B}.RelWithDebInfo|Win32.ActiveCfg = RelWithDebInfo|Win32
		{156BC794-8044-3C1B-9234-23848A0ABF6B}.RelWithDebInfo|Win32.Build.0 = RelWithDebInfo|Win32
		{A40FBB62-20E5-3614-852F-16975461117A}.Debug|Win32.ActiveCfg = Debug|Win32
		{A40FBB62-20E5-3614-852F-16975461117A}.Debug|Win32.Build.0 = Debug|Win32
		{A40FBB62-20E5-3614-852F-16975461117A}.Release|Win32.ActiveCfg = Release|Win32
		{A40FBB62-20E5-3614-852F-16975461117A}.Release|Win32.Build.0 = Release|Win32
		{A40FBB62-20E5-3614-852F-16975461117A}.RelWithDebInfo|Win32.ActiveCfg = RelWithDebInfo|Win32
		{A40FBB62-20E5-3614-852F-16975461117A}.RelWithDebInfo|Win32.Build.0 = RelWithDebInfo|Win32
		{BB9BF146-741E-37D7-9FE0-F9A85226A109}.Debug|Win32.ActiveCfg = Debug|Win32
		{BB9BF146-741E-37D7-9FE0-F9A85226A109}.Release|Win32.ActiveCfg = Release|Win32
		{BB9BF146-741E-37D7-9FE0-F9A85226A109}.RelWithDebInfo|Win32.ActiveCfg = RelWithDebInfo|Win32
		{E15895A1-2014-3D9C-B466-00DE73DCA683}.Debug|Win32.ActiveCfg = Debug|Win32
		{E15895A1-2014-3D9C-B466-00DE73DCA683}.Debug|Win32.Build.0 = Debug|Win32
		{E15895A1-2014-3D9C-B466-00DE73DCA683}.Release|Win32.ActiveCfg = Release|Win32
		{E15895A1-2014-3D9C-B466-00DE73DCA683}.Release|Win32.Build.0 = Release|Win32
		{E15895A1-2014-3D9C-B466-00DE73DCA683}.RelWithDebInfo|Win32.ActiveCfg = RelWithDebInfo|Win32
		{E15895A1-2014-3D9C-B466-00DE73DCA683}.RelWithDebInfo|Win32.Build.0 = RelWithDebInfo|Win32
	EndGlobalSection
	GlobalSection(NestedProjects) = preSolution
		{90618F3E-F66E-352A-8578-9DFD89F0C924} = {CBD0E8BF-FF40-30F4-A46F-029ECB232F19}
		{A1A69850-B824-3750-B384-F0C9A8E99095} = {CBD0E8BF-FF40-30F4-A46F-029ECB232F19}
		{156BC794-8044-3C1B-9234-23848A0ABF6B} = {CBD0E8BF-FF40-30F4-A46F-029ECB232F19}
	EndGlobalSection
	GlobalSection(ExtensibilityGlobals) = postSolution
		SolutionGuid = {255A381A-6A45-3F36-80D4-41DB79E312A3}
	EndGlobalSection
	GlobalSection(ExtensibilityAddIns) = postSolution
	EndGlobalSection
EndGlobal
