<?xml version="1.0" encoding="UTF-8"?>
<Project ToolsVersion="15.0" xmlns="http://schemas.microsoft.com/developer/msbuild/2003">
  <ItemGroup>
    <ClCompile Include="C:\Users\Christian\Documents\Lund\Project\CG_Labs\assimp\code\contrib\zlib\adler32.c">
      <Filter>Source Files</Filter>
    </ClCompile>
    <ClCompile Include="C:\Users\Christian\Documents\Lund\Project\CG_Labs\assimp\code\contrib\zlib\compress.c">
      <Filter>Source Files</Filter>
    </ClCompile>
    <ClCompile Include="C:\Users\Christian\Documents\Lund\Project\CG_Labs\assimp\code\contrib\zlib\crc32.c">
      <Filter>Source Files</Filter>
    </ClCompile>
    <ClCompile Include="C:\Users\Christian\Documents\Lund\Project\CG_Labs\assimp\code\contrib\zlib\deflate.c">
      <Filter>Source Files</Filter>
    </ClCompile>
    <ClCompile Include="C:\Users\Christian\Documents\Lund\Project\CG_Labs\assimp\code\contrib\zlib\gzclose.c">
      <Filter>Source Files</Filter>
    </ClCompile>
    <ClCompile Include="C:\Users\Christian\Documents\Lund\Project\CG_Labs\assimp\code\contrib\zlib\gzlib.c">
      <Filter>Source Files</Filter>
    </ClCompile>
    <ClCompile Include="C:\Users\Christian\Documents\Lund\Project\CG_Labs\assimp\code\contrib\zlib\gzread.c">
      <Filter>Source Files</Filter>
    </ClCompile>
    <ClCompile Include="C:\Users\Christian\Documents\Lund\Project\CG_Labs\assimp\code\contrib\zlib\gzwrite.c">
      <Filter>Source Files</Filter>
    </ClCompile>
    <ClCompile Include="C:\Users\Christian\Documents\Lund\Project\CG_Labs\assimp\code\contrib\zlib\inflate.c">
      <Filter>Source Files</Filter>
    </ClCompile>
    <ClCompile Include="C:\Users\Christian\Documents\Lund\Project\CG_Labs\assimp\code\contrib\zlib\infback.c">
      <Filter>Source Files</Filter>
    </ClCompile>
    <ClCompile Include="C:\Users\Christian\Documents\Lund\Project\CG_Labs\assimp\code\contrib\zlib\inftrees.c">
      <Filter>Source Files</Filter>
    </ClCompile>
    <ClCompile Include="C:\Users\Christian\Documents\Lund\Project\CG_Labs\assimp\code\contrib\zlib\inffast.c">
      <Filter>Source Files</Filter>
    </ClCompile>
    <ClCompile Include="C:\Users\Christian\Documents\Lund\Project\CG_Labs\assimp\code\contrib\zlib\trees.c">
      <Filter>Source Files</Filter>
    </ClCompile>
    <ClCompile Include="C:\Users\Christian\Documents\Lund\Project\CG_Labs\assimp\code\contrib\zlib\uncompr.c">
      <Filter>Source Files</Filter>
    </ClCompile>
    <ClCompile Include="C:\Users\Christian\Documents\Lund\Project\CG_Labs\assimp\code\contrib\zlib\zutil.c">
      <Filter>Source Files</Filter>
    </ClCompile>
  </ItemGroup>
  <ItemGroup>
    <ClInclude Include="C:\Users\Christian\Documents\Lund\Project\CG_Labs\assimp\binary\contrib\zlib\zconf.h">
      <Filter>Header Files</Filter>
    </ClInclude>
    <ClInclude Include="C:\Users\Christian\Documents\Lund\Project\CG_Labs\assimp\code\contrib\zlib\zlib.h">
      <Filter>Header Files</Filter>
    </ClInclude>
    <ClInclude Include="C:\Users\Christian\Documents\Lund\Project\CG_Labs\assimp\code\contrib\zlib\crc32.h">
      <Filter>Header Files</Filter>
    </ClInclude>
    <ClInclude Include="C:\Users\Christian\Documents\Lund\Project\CG_Labs\assimp\code\contrib\zlib\deflate.h">
      <Filter>Header Files</Filter>
    </ClInclude>
    <ClInclude Include="C:\Users\Christian\Documents\Lund\Project\CG_Labs\assimp\code\contrib\zlib\gzguts.h">
      <Filter>Header Files</Filter>
    </ClInclude>
    <ClInclude Include="C:\Users\Christian\Documents\Lund\Project\CG_Labs\assimp\code\contrib\zlib\inffast.h">
      <Filter>Header Files</Filter>
    </ClInclude>
    <ClInclude Include="C:\Users\Christian\Documents\Lund\Project\CG_Labs\assimp\code\contrib\zlib\inffixed.h">
      <Filter>Header Files</Filter>
    </ClInclude>
    <ClInclude Include="C:\Users\Christian\Documents\Lund\Project\CG_Labs\assimp\code\contrib\zlib\inflate.h">
      <Filter>Header Files</Filter>
    </ClInclude>
    <ClInclude Include="C:\Users\Christian\Documents\Lund\Project\CG_Labs\assimp\code\contrib\zlib\inftrees.h">
      <Filter>Header Files</Filter>
    </ClInclude>
    <ClInclude Include="C:\Users\Christian\Documents\Lund\Project\CG_Labs\assimp\code\contrib\zlib\trees.h">
      <Filter>Header Files</Filter>
    </ClInclude>
    <ClInclude Include="C:\Users\Christian\Documents\Lund\Project\CG_Labs\assimp\code\contrib\zlib\zutil.h">
      <Filter>Header Files</Filter>
    </ClInclude>
  </ItemGroup>
  <ItemGroup>
    <CustomBuild Include="C:\Users\Christian\Documents\Lund\Project\CG_Labs\assimp\code\contrib\zlib\CMakeLists.txt" />
  </ItemGroup>
  <ItemGroup>
    <Filter Include="Source Files">
      <UniqueIdentifier>{EFA7224D-FA08-3FEB-81DC-CC57125B2959}</UniqueIdentifier>
    </Filter>
    <Filter Include="Header Files">
      <UniqueIdentifier>{67460E01-8ED0-39D9-A97B-B23A165B783C}</UniqueIdentifier>
    </Filter>
  </ItemGroup>
</Project>
