Microsoft Visual Studio Solution File, Format Version 12.00
# Visual Studio 15
Project("{2150E333-8FDC-42A3-9474-1A3956D46DE8}") = "CMakePredefinedTargets", "CMakePredefinedTargets", "{CBD0E8BF-FF40-30F4-A46F-029ECB232F19}"
EndProject
Project("{2150E333-8FDC-42A3-9474-1A3956D46DE8}") = "ExternalProjectTargets", "ExternalProjectTargets", "{B096E501-B33D-3B34-A59A-61679EC5337A}"
EndProject
Project("{2150E333-8FDC-42A3-9474-1A3956D46DE8}") = "glm", "ExternalProjectTargets\glm", "{F655860C-3027-33E5-9ED5-70943A13ACD1}"
EndProject
Project("{2150E333-8FDC-42A3-9474-1A3956D46DE8}") = "GLFW3", "GLFW3", "{1434586A-AA53-39BF-96D5-C49AEACCC5C6}"
EndProject
Project("{8BC9CEB8-8B4A-11D0-8D11-00A0C91BC942}") = "ALL_BUILD", "ALL_BUILD.vcxproj", "{90618F3E-F66E-352A-8578-9DFD89F0C924}"
	ProjectSection(ProjectDependencies) = postProject
		{156BC794-8044-3C1B-9234-23848A0ABF6B} = {156BC794-8044-3C1B-9234-23848A0ABF6B}
		{AA405C63-39CC-3661-ADBA-E5CB220EC465} = {AA405C63-39CC-3661-ADBA-E5CB220EC465}
	EndProjectSection
EndProject
Project("{8BC9CEB8-8B4A-11D0-8D11-00A0C91BC942}") = "INSTALL", "INSTALL.vcxproj", "{A1A69850-B824-3750-B384-F0C9A8E99095}"
	ProjectSection(ProjectDependencies) = postProject
		{90618F3E-F66E-352A-8578-9DFD89F0C924} = {90618F3E-F66E-352A-8578-9DFD89F0C924}
		{156BC794-8044-3C1B-9234-23848A0ABF6B} = {156BC794-8044-3C1B-9234-23848A0ABF6B}
	EndProjectSection
EndProject
Project("{8BC9CEB8-8B4A-11D0-8D11-00A0C91BC942}") = "IrrXML", "..\..\assimp\binary\contrib\irrXML\IrrXML.vcxproj", "{E2042975-C676-3782-A11D-0305A84B6925}"
	ProjectSection(ProjectDependencies) = postProject
		{156BC794-8044-3C1B-9234-23848A0ABF6B} = {156BC794-8044-3C1B-9234-23848A0ABF6B}
	EndProjectSection
EndProject
Project("{8BC9CEB8-8B4A-11D0-8D11-00A0C91BC942}") = "ZERO_CHECK", "..\..\\ZERO_CHECK.vcxproj", "{156BC794-8044-3C1B-9234-23848A0ABF6B}"
	ProjectSection(ProjectDependencies) = postProject
	EndProjectSection
EndProject
Project("{8BC9CEB8-8B4A-11D0-8D11-00A0C91BC942}") = "assimp", "..\..\assimp\binary\code\assimp.vcxproj", "{A40FBB62-20E5-3614-852F-16975461117A}"
	ProjectSection(ProjectDependencies) = postProject
		{E2042975-C676-3782-A11D-0305A84B6925} = {E2042975-C676-3782-A11D-0305A84B6925}
		{156BC794-8044-3C1B-9234-23848A0ABF6B} = {156BC794-8044-3C1B-9234-23848A0ABF6B}
		{E15895A1-2014-3D9C-B466-00DE73DCA683} = {E15895A1-2014-3D9C-B466-00DE73DCA683}
	EndProjectSection
EndProject
Project("{8BC9CEB8-8B4A-11D0-8D11-00A0C91BC942}") = "bonobo", "bonobo.vcxproj", "{AA405C63-39CC-3661-ADBA-E5CB220EC465}"
	ProjectSection(ProjectDependencies) = postProject
		{E2042975-C676-3782-A11D-0305A84B6925} = {E2042975-C676-3782-A11D-0305A84B6925}
		{156BC794-8044-3C1B-9234-23848A0ABF6B} = {156BC794-8044-3C1B-9234-23848A0ABF6B}
		{A40FBB62-20E5-3614-852F-16975461117A} = {A40FBB62-20E5-3614-852F-16975461117A}
		{F5EBBEF2-E9C8-3756-9D6A-74F03D91D369} = {F5EBBEF2-E9C8-3756-9D6A-74F03D91D369}
		{DD09F32E-51C1-32D1-BD1D-989363259B1C} = {DD09F32E-51C1-32D1-BD1D-989363259B1C}
		{D5F9781A-5E6D-38EC-A44E-D710A3BDEAC0} = {D5F9781A-5E6D-38EC-A44E-D710A3BDEAC0}
		{B78ADFBF-E49C-3873-8808-A1B677AE20B0} = {B78ADFBF-E49C-3873-8808-A1B677AE20B0}
		{E15895A1-2014-3D9C-B466-00DE73DCA683} = {E15895A1-2014-3D9C-B466-00DE73DCA683}
	EndProjectSection
EndProject
Project("{8BC9CEB8-8B4A-11D0-8D11-00A0C91BC942}") = "external_libs", "..\external\external_libs.vcxproj", "{F5EBBEF2-E9C8-3756-9D6A-74F03D91D369}"
	ProjectSection(ProjectDependencies) = postProject
		{156BC794-8044-3C1B-9234-23848A0ABF6B} = {156BC794-8044-3C1B-9234-23848A0ABF6B}
		{DD09F32E-51C1-32D1-BD1D-989363259B1C} = {DD09F32E-51C1-32D1-BD1D-989363259B1C}
		{D5F9781A-5E6D-38EC-A44E-D710A3BDEAC0} = {D5F9781A-5E6D-38EC-A44E-D710A3BDEAC0}
		{B78ADFBF-E49C-3873-8808-A1B677AE20B0} = {B78ADFBF-E49C-3873-8808-A1B677AE20B0}
	EndProjectSection
EndProject
Project("{8BC9CEB8-8B4A-11D0-8D11-00A0C91BC942}") = "glfw", "..\..\glfw\binary\src\glfw.vcxproj", "{DD09F32E-51C1-32D1-BD1D-989363259B1C}"
	ProjectSection(ProjectDependencies) = postProject
		{156BC794-8044-3C1B-9234-23848A0ABF6B} = {156BC794-8044-3C1B-9234-23848A0ABF6B}
	EndProjectSection
EndProject
Project("{8BC9CEB8-8B4A-11D0-8D11-00A0C91BC942}") = "glm", "..\..\\glm.vcxproj", "{555FA233-D96C-3A27-8596-BFD690945E7E}"
	ProjectSection(ProjectDependencies) = postProject
		{156BC794-8044-3C1B-9234-23848A0ABF6B} = {156BC794-8044-3C1B-9234-23848A0ABF6B}
	EndProjectSection
EndProject
Project("{8BC9CEB8-8B4A-11D0-8D11-00A0C91BC942}") = "imgui", "..\..\imgui\binary\imgui.vcxproj", "{D5F9781A-5E6D-38EC-A44E-D710A3BDEAC0}"
	ProjectSection(ProjectDependencies) = postProject
		{156BC794-8044-3C1B-9234-23848A0ABF6B} = {156BC794-8044-3C1B-9234-23848A0ABF6B}
	EndProjectSection
EndProject
Project("{8BC9CEB8-8B4A-11D0-8D11-00A0C91BC942}") = "project_dep", "..\..\\project_dep.vcxproj", "{B78ADFBF-E49C-3873-8808-A1B677AE20B0}"
	ProjectSection(ProjectDependencies) = postProject
		{156BC794-8044-3C1B-9234-23848A0ABF6B} = {156BC794-8044-3C1B-9234-23848A0ABF6B}
		{A40FBB62-20E5-3614-852F-16975461117A} = {A40FBB62-20E5-3614-852F-16975461117A}
		{555FA233-D96C-3A27-8596-BFD690945E7E} = {555FA233-D96C-3A27-8596-BFD690945E7E}
		{D5F9781A-5E6D-38EC-A44E-D710A3BDEAC0} = {D5F9781A-5E6D-38EC-A44E-D710A3BDEAC0}
	EndProjectSection
EndProject
Project("{8BC9CEB8-8B4A-11D0-8D11-00A0C91BC942}") = "zlibstatic", "..\..\assimp\binary\contrib\zlib\zlibstatic.vcxproj", "{E15895A1-2014-3D9C-B466-00DE73DCA683}"
	ProjectSection(ProjectDependencies) = postProject
		{156BC794-8044-3C1B-9234-23848A0ABF6B} = {156BC794-8044-3C1B-9234-23848A0ABF6B}
	EndProjectSection
EndProject
Global
	GlobalSection(SolutionConfigurationPlatforms) = preSolution
		Debug|Win32 = Debug|Win32
		Release|Win32 = Release|Win32
		RelWithDebInfo|Win32 = RelWithDebInfo|Win32
	EndGlobalSection
	GlobalSection(ProjectConfigurationPlatforms) = postSolution
		{90618F3E-F66E-352A-8578-9DFD89F0C924}.Debug|Win32.ActiveCfg = Debug|Win32
		{90618F3E-F66E-352A-8578-9DFD89F0C924}.Debug|Win32.Build.0 = Debug|Win32
		{90618F3E-F66E-352A-8578-9DFD89F0C924}.Release|Win32.ActiveCfg = Release|Win32
		{90618F3E-F66E-352A-8578-9DFD89F0C924}.Release|Win32.Build.0 = Release|Win32
		{90618F3E-F66E-352A-8578-9DFD89F0C924}.RelWithDebInfo|Win32.ActiveCfg = RelWithDebInfo|Win32
		{90618F3E-F66E-352A-8578-9DFD89F0C924}.RelWithDebInfo|Win32.Build.0 = RelWithDebInfo|Win32
		{A1A69850-B824-3750-B384-F0C9A8E99095}.Debug|Win32.ActiveCfg = Debug|Win32
		{A1A69850-B824-3750-B384-F0C9A8E99095}.Release|Win32.ActiveCfg = Release|Win32
		{A1A69850-B824-3750-B384-F0C9A8E99095}.RelWithDebInfo|Win32.ActiveCfg = RelWithDebInfo|Win32
		{E2042975-C676-3782-A11D-0305A84B6925}.Debug|Win32.ActiveCfg = Debug|Win32
		{E2042975-C676-3782-A11D-0305A84B6925}.Debug|Win32.Build.0 = Debug|Win32
		{E2042975-C676-3782-A11D-0305A84B6925}.Release|Win32.ActiveCfg = Release|Win32
		{E2042975-C676-3782-A11D-0305A84B6925}.Release|Win32.Build.0 = Release|Win32
		{E2042975-C676-3782-A11D-0305A84B6925}.RelWithDebInfo|Win32.ActiveCfg = RelWithDebInfo|Win32
		{E2042975-C676-3782-A11D-0305A84B6925}.RelWithDebInfo|Win32.Build.0 = RelWithDebInfo|Win32
		{156BC794-8044-3C1B-9234-23848A0ABF6B}.Debug|Win32.ActiveCfg = Debug|Win32
		{156BC794-8044-3C1B-9234-23848A0ABF6B}.Debug|Win32.Build.0 = Debug|Win32
		{156BC794-8044-3C1B-9234-23848A0ABF6B}.Release|Win32.ActiveCfg = Release|Win32
		{156BC794-8044-3C1B-9234-23848A0ABF6B}.Release|Win32.Build.0 = Release|Win32
		{156BC794-8044-3C1B-9234-23848A0ABF6B}.RelWithDebInfo|Win32.ActiveCfg = RelWithDebInfo|Win32
		{156BC794-8044-3C1B-9234-23848A0ABF6B}.RelWithDebInfo|Win32.Build.0 = RelWithDebInfo|Win32
		{A40FBB62-20E5-3614-852F-16975461117A}.Debug|Win32.ActiveCfg = Debug|Win32
		{A40FBB62-20E5-3614-852F-16975461117A}.Debug|Win32.Build.0 = Debug|Win32
		{A40FBB62-20E5-3614-852F-16975461117A}.Release|Win32.ActiveCfg = Release|Win32
		{A40FBB62-20E5-3614-852F-16975461117A}.Release|Win32.Build.0 = Release|Win32
		{A40FBB62-20E5-3614-852F-16975461117A}.RelWithDebInfo|Win32.ActiveCfg = RelWithDebInfo|Win32
		{A40FBB62-20E5-3614-852F-16975461117A}.RelWithDebInfo|Win32.Build.0 = RelWithDebInfo|Win32
		{AA405C63-39CC-3661-ADBA-E5CB220EC465}.Debug|Win32.ActiveCfg = Debug|Win32
		{AA405C63-39CC-3661-ADBA-E5CB220EC465}.Debug|Win32.Build.0 = Debug|Win32
		{AA405C63-39CC-3661-ADBA-E5CB220EC465}.Release|Win32.ActiveCfg = Release|Win32
		{AA405C63-39CC-3661-ADBA-E5CB220EC465}.Release|Win32.Build.0 = Release|Win32
		{AA405C63-39CC-3661-ADBA-E5CB220EC465}.RelWithDebInfo|Win32.ActiveCfg = RelWithDebInfo|Win32
		{AA405C63-39CC-3661-ADBA-E5CB220EC465}.RelWithDebInfo|Win32.Build.0 = RelWithDebInfo|Win32
		{F5EBBEF2-E9C8-3756-9D6A-74F03D91D369}.Debug|Win32.ActiveCfg = Debug|Win32
		{F5EBBEF2-E9C8-3756-9D6A-74F03D91D369}.Debug|Win32.Build.0 = Debug|Win32
		{F5EBBEF2-E9C8-3756-9D6A-74F03D91D369}.Release|Win32.ActiveCfg = Release|Win32
		{F5EBBEF2-E9C8-3756-9D6A-74F03D91D369}.Release|Win32.Build.0 = Release|Win32
		{F5EBBEF2-E9C8-3756-9D6A-74F03D91D369}.RelWithDebInfo|Win32.ActiveCfg = RelWithDebInfo|Win32
		{F5EBBEF2-E9C8-3756-9D6A-74F03D91D369}.RelWithDebInfo|Win32.Build.0 = RelWithDebInfo|Win32
		{DD09F32E-51C1-32D1-BD1D-989363259B1C}.Debug|Win32.ActiveCfg = Debug|Win32
		{DD09F32E-51C1-32D1-BD1D-989363259B1C}.Debug|Win32.Build.0 = Debug|Win32
		{DD09F32E-51C1-32D1-BD1D-989363259B1C}.Release|Win32.ActiveCfg = Release|Win32
		{DD09F32E-51C1-32D1-BD1D-989363259B1C}.Release|Win32.Build.0 = Release|Win32
		{DD09F32E-51C1-32D1-BD1D-989363259B1C}.RelWithDebInfo|Win32.ActiveCfg = RelWithDebInfo|Win32
		{DD09F32E-51C1-32D1-BD1D-989363259B1C}.RelWithDebInfo|Win32.Build.0 = RelWithDebInfo|Win32
		{555FA233-D96C-3A27-8596-BFD690945E7E}.Debug|Win32.ActiveCfg = Debug|Win32
		{555FA233-D96C-3A27-8596-BFD690945E7E}.Debug|Win32.Build.0 = Debug|Win32
		{555FA233-D96C-3A27-8596-BFD690945E7E}.Release|Win32.ActiveCfg = Release|Win32
		{555FA233-D96C-3A27-8596-BFD690945E7E}.Release|Win32.Build.0 = Release|Win32
		{555FA233-D96C-3A27-8596-BFD690945E7E}.RelWithDebInfo|Win32.ActiveCfg = RelWithDebInfo|Win32
		{555FA233-D96C-3A27-8596-BFD690945E7E}.RelWithDebInfo|Win32.Build.0 = RelWithDebInfo|Win32
		{D5F9781A-5E6D-38EC-A44E-D710A3BDEAC0}.Debug|Win32.ActiveCfg = Debug|Win32
		{D5F9781A-5E6D-38EC-A44E-D710A3BDEAC0}.Debug|Win32.Build.0 = Debug|Win32
		{D5F9781A-5E6D-38EC-A44E-D710A3BDEAC0}.Release|Win32.ActiveCfg = Release|Win32
		{D5F9781A-5E6D-38EC-A44E-D710A3BDEAC0}.Release|Win32.Build.0 = Release|Win32
		{D5F9781A-5E6D-38EC-A44E-D710A3BDEAC0}.RelWithDebInfo|Win32.ActiveCfg = RelWithDebInfo|Win32
		{D5F9781A-5E6D-38EC-A44E-D710A3BDEAC0}.RelWithDebInfo|Win32.Build.0 = RelWithDebInfo|Win32
		{B78ADFBF-E49C-3873-8808-A1B677AE20B0}.Debug|Win32.ActiveCfg = Debug|Win32
		{B78ADFBF-E49C-3873-8808-A1B677AE20B0}.Debug|Win32.Build.0 = Debug|Win32
		{B78ADFBF-E49C-3873-8808-A1B677AE20B0}.Release|Win32.ActiveCfg = Release|Win32
		{B78ADFBF-E49C-3873-8808-A1B677AE20B0}.Release|Win32.Build.0 = Release|Win32
		{B78ADFBF-E49C-3873-8808-A1B677AE20B0}.RelWithDebInfo|Win32.ActiveCfg = RelWithDebInfo|Win32
		{B78ADFBF-E49C-3873-8808-A1B677AE20B0}.RelWithDebInfo|Win32.Build.0 = RelWithDebInfo|Win32
		{E15895A1-2014-3D9C-B466-00DE73DCA683}.Debug|Win32.ActiveCfg = Debug|Win32
		{E15895A1-2014-3D9C-B466-00DE73DCA683}.Debug|Win32.Build.0 = Debug|Win32
		{E15895A1-2014-3D9C-B466-00DE73DCA683}.Release|Win32.ActiveCfg = Release|Win32
		{E15895A1-2014-3D9C-B466-00DE73DCA683}.Release|Win32.Build.0 = Release|Win32
		{E15895A1-2014-3D9C-B466-00DE73DCA683}.RelWithDebInfo|Win32.ActiveCfg = RelWithDebInfo|Win32
		{E15895A1-2014-3D9C-B466-00DE73DCA683}.RelWithDebInfo|Win32.Build.0 = RelWithDebInfo|Win32
	EndGlobalSection
	GlobalSection(NestedProjects) = preSolution
		{90618F3E-F66E-352A-8578-9DFD89F0C924} = {CBD0E8BF-FF40-30F4-A46F-029ECB232F19}
		{A1A69850-B824-3750-B384-F0C9A8E99095} = {CBD0E8BF-FF40-30F4-A46F-029ECB232F19}
		{156BC794-8044-3C1B-9234-23848A0ABF6B} = {CBD0E8BF-FF40-30F4-A46F-029ECB232F19}
		{F655860C-3027-33E5-9ED5-70943A13ACD1} = {B096E501-B33D-3B34-A59A-61679EC5337A}
		{555FA233-D96C-3A27-8596-BFD690945E7E} = {F655860C-3027-33E5-9ED5-70943A13ACD1}
		{DD09F32E-51C1-32D1-BD1D-989363259B1C} = {1434586A-AA53-39BF-96D5-C49AEACCC5C6}
	EndGlobalSection
	GlobalSection(ExtensibilityGlobals) = postSolution
		SolutionGuid = {3FF6F11A-9C59-3756-B511-72362C9CBEF6}
	EndGlobalSection
	GlobalSection(ExtensibilityAddIns) = postSolution
	EndGlobalSection
EndGlobal
