Microsoft Visual Studio Solution File, Format Version 12.00
# Visual Studio 15
Project("{2150E333-8FDC-42A3-9474-1A3956D46DE8}") = "CMakePredefinedTargets", "CMakePredefinedTargets", "{CBD0E8BF-FF40-30F4-A46F-029ECB232F19}"
EndProject
Project("{2150E333-8FDC-42A3-9474-1A3956D46DE8}") = "GLFW3", "GLFW3", "{1434586A-AA53-39BF-96D5-C49AEACCC5C6}"
EndProject
Project("{8BC9CEB8-8B4A-11D0-8D11-00A0C91BC942}") = "ALL_BUILD", "ALL_BUILD.vcxproj", "{90618F3E-F66E-352A-8578-9DFD89F0C924}"
	ProjectSection(ProjectDependencies) = postProject
		{156BC794-8044-3C1B-9234-23848A0ABF6B} = {156BC794-8044-3C1B-9234-23848A0ABF6B}
		{DD09F32E-51C1-32D1-BD1D-989363259B1C} = {DD09F32E-51C1-32D1-BD1D-989363259B1C}
	EndProjectSection
EndProject
Project("{8BC9CEB8-8B4A-11D0-8D11-00A0C91BC942}") = "INSTALL", "INSTALL.vcxproj", "{A1A69850-B824-3750-B384-F0C9A8E99095}"
	ProjectSection(ProjectDependencies) = postProject
		{90618F3E-F66E-352A-8578-9DFD89F0C924} = {90618F3E-F66E-352A-8578-9DFD89F0C924}
		{156BC794-8044-3C1B-9234-23848A0ABF6B} = {156BC794-8044-3C1B-9234-23848A0ABF6B}
	EndProjectSection
EndProject
Project("{8BC9CEB8-8B4A-11D0-8D11-00A0C91BC942}") = "ZERO_CHECK", "..\..\\ZERO_CHECK.vcxproj", "{156BC794-8044-3C1B-9234-23848A0ABF6B}"
	ProjectSection(ProjectDependencies) = postProject
	EndProjectSection
EndProject
Project("{8BC9CEB8-8B4A-11D0-8D11-00A0C91BC942}") = "glfw", "src\glfw.vcxproj", "{DD09F32E-51C1-32D1-BD1D-989363259B1C}"
	ProjectSection(ProjectDependencies) = postProject
		{156BC794-8044-3C1B-9234-23848A0ABF6B} = {156BC794-8044-3C1B-9234-23848A0ABF6B}
	EndProjectSection
EndProject
Global
	GlobalSection(SolutionConfigurationPlatforms) = preSolution
		Debug|Win32 = Debug|Win32
		Release|Win32 = Release|Win32
		RelWithDebInfo|Win32 = RelWithDebInfo|Win32
	EndGlobalSection
	GlobalSection(ProjectConfigurationPlatforms) = postSolution
		{90618F3E-F66E-352A-8578-9DFD89F0C924}.Debug|Win32.ActiveCfg = Debug|Win32
		{90618F3E-F66E-352A-8578-9DFD89F0C924}.Debug|Win32.Build.0 = Debug|Win32
		{90618F3E-F66E-352A-8578-9DFD89F0C924}.Release|Win32.ActiveCfg = Release|Win32
		{90618F3E-F66E-352A-8578-9DFD89F0C924}.Release|Win32.Build.0 = Release|Win32
		{90618F3E-F66E-352A-8578-9DFD89F0C924}.RelWithDebInfo|Win32.ActiveCfg = RelWithDebInfo|Win32
		{90618F3E-F66E-352A-8578-9DFD89F0C924}.RelWithDebInfo|Win32.Build.0 = RelWithDebInfo|Win32
		{A1A69850-B824-3750-B384-F0C9A8E99095}.Debug|Win32.ActiveCfg = Debug|Win32
		{A1A69850-B824-3750-B384-F0C9A8E99095}.Release|Win32.ActiveCfg = Release|Win32
		{A1A69850-B824-3750-B384-F0C9A8E99095}.RelWithDebInfo|Win32.ActiveCfg = RelWithDebInfo|Win32
		{156BC794-8044-3C1B-9234-23848A0ABF6B}.Debug|Win32.ActiveCfg = Debug|Win32
		{156BC794-8044-3C1B-9234-23848A0ABF6B}.Debug|Win32.Build.0 = Debug|Win32
		{156BC794-8044-3C1B-9234-23848A0ABF6B}.Release|Win32.ActiveCfg = Release|Win32
		{156BC794-8044-3C1B-9234-23848A0ABF6B}.Release|Win32.Build.0 = Release|Win32
		{156BC794-8044-3C1B-9234-23848A0ABF6B}.RelWithDebInfo|Win32.ActiveCfg = RelWithDebInfo|Win32
		{156BC794-8044-3C1B-9234-23848A0ABF6B}.RelWithDebInfo|Win32.Build.0 = RelWithDebInfo|Win32
		{DD09F32E-51C1-32D1-BD1D-989363259B1C}.Debug|Win32.ActiveCfg = Debug|Win32
		{DD09F32E-51C1-32D1-BD1D-989363259B1C}.Debug|Win32.Build.0 = Debug|Win32
		{DD09F32E-51C1-32D1-BD1D-989363259B1C}.Release|Win32.ActiveCfg = Release|Win32
		{DD09F32E-51C1-32D1-BD1D-989363259B1C}.Release|Win32.Build.0 = Release|Win32
		{DD09F32E-51C1-32D1-BD1D-989363259B1C}.RelWithDebInfo|Win32.ActiveCfg = RelWithDebInfo|Win32
		{DD09F32E-51C1-32D1-BD1D-989363259B1C}.RelWithDebInfo|Win32.Build.0 = RelWithDebInfo|Win32
	EndGlobalSection
	GlobalSection(NestedProjects) = preSolution
		{90618F3E-F66E-352A-8578-9DFD89F0C924} = {CBD0E8BF-FF40-30F4-A46F-029ECB232F19}
		{A1A69850-B824-3750-B384-F0C9A8E99095} = {CBD0E8BF-FF40-30F4-A46F-029ECB232F19}
		{156BC794-8044-3C1B-9234-23848A0ABF6B} = {CBD0E8BF-FF40-30F4-A46F-029ECB232F19}
		{DD09F32E-51C1-32D1-BD1D-989363259B1C} = {1434586A-AA53-39BF-96D5-C49AEACCC5C6}
	EndGlobalSection
	GlobalSection(ExtensibilityGlobals) = postSolution
		SolutionGuid = {45A8F5E8-1CBB-3B81-911C-E0F0947C8C0B}
	EndGlobalSection
	GlobalSection(ExtensibilityAddIns) = postSolution
	EndGlobalSection
EndGlobal
